// !$*UTF8*$!
{
	archiveVersion = 1;
	classes = {
	};
	objectVersion = 56;
	objects = {

/* Begin PBXBuildFile section */
		55143B542A56BDE8003103B1 /* ActiveSheetManager.swift in Sources */ = {isa = PBXBuildFile; fileRef = 55143B532A56BDE8003103B1 /* ActiveSheetManager.swift */; };
		55143B562A585AC8003103B1 /* Vote.swift in Sources */ = {isa = PBXBuildFile; fileRef = 55143B552A585AC8003103B1 /* Vote.swift */; };
		5521D26E29EF092A00A09FD4 /* Colors.swift in Sources */ = {isa = PBXBuildFile; fileRef = 5521D26D29EF092900A09FD4 /* Colors.swift */; };
		5521D27329EF0EA200A09FD4 /* IdentityView.swift in Sources */ = {isa = PBXBuildFile; fileRef = 5521D27229EF0EA200A09FD4 /* IdentityView.swift */; };
		5521D27529EF137C00A09FD4 /* DateView.swift in Sources */ = {isa = PBXBuildFile; fileRef = 5521D27429EF137C00A09FD4 /* DateView.swift */; };
		5521D27729EF145300A09FD4 /* ProposalStatusView.swift in Sources */ = {isa = PBXBuildFile; fileRef = 5521D27629EF145300A09FD4 /* ProposalStatusView.swift */; };
		5521D27929EF17C800A09FD4 /* InboxListItemFooterMenu.swift in Sources */ = {isa = PBXBuildFile; fileRef = 5521D27829EF17C800A09FD4 /* InboxListItemFooterMenu.swift */; };
		552885942A28EAE700ED2BCD /* OnboardingFollowDaosView.swift in Sources */ = {isa = PBXBuildFile; fileRef = 552885912A28EAE600ED2BCD /* OnboardingFollowDaosView.swift */; };
		552885952A28EAE700ED2BCD /* CategoryDaosDataSource.swift in Sources */ = {isa = PBXBuildFile; fileRef = 552885922A28EAE700ED2BCD /* CategoryDaosDataSource.swift */; };
		552885962A28EAE700ED2BCD /* FollowCategoryDaosListView.swift in Sources */ = {isa = PBXBuildFile; fileRef = 552885932A28EAE700ED2BCD /* FollowCategoryDaosListView.swift */; };
		552885982A28EB1900ED2BCD /* Extentions.swift in Sources */ = {isa = PBXBuildFile; fileRef = 552885972A28EB1900ED2BCD /* Extentions.swift */; };
		5528859A2A28EBF600ED2BCD /* RetryLoadingViews.swift in Sources */ = {isa = PBXBuildFile; fileRef = 552885992A28EBF600ED2BCD /* RetryLoadingViews.swift */; };
		553316FE29F162FF0034AF66 /* BlockiesSwift in Frameworks */ = {isa = PBXBuildFile; productRef = 553316FD29F162FF0034AF66 /* BlockiesSwift */; };
		5533170229F16B290034AF66 /* Address.swift in Sources */ = {isa = PBXBuildFile; fileRef = 5533170129F16B290034AF66 /* Address.swift */; };
		5543011B2A4C83F000029BC3 /* MetricNumberFormatter.swift in Sources */ = {isa = PBXBuildFile; fileRef = 5543011A2A4C83F000029BC3 /* MetricNumberFormatter.swift */; };
		554301232A4C897C00029BC3 /* MetricNumberFormatterTests.swift in Sources */ = {isa = PBXBuildFile; fileRef = 554301222A4C897C00029BC3 /* MetricNumberFormatterTests.swift */; };
		55458ACA2A4087E000739002 /* AddSubscriptionView.swift in Sources */ = {isa = PBXBuildFile; fileRef = 55458AC92A4087E000739002 /* AddSubscriptionView.swift */; };
		555310EC299F732500AB7557 /* EnablePushNotificationsView.swift in Sources */ = {isa = PBXBuildFile; fileRef = 555310EA299F732500AB7557 /* EnablePushNotificationsView.swift */; };
		557177E92A3E3E1B0026B12A /* Utils.swift in Sources */ = {isa = PBXBuildFile; fileRef = 557177E82A3E3E1B0026B12A /* Utils.swift */; };
		557C9D662A30ECCE001C4DEA /* DaoSearchListView.swift in Sources */ = {isa = PBXBuildFile; fileRef = 557C9D652A30ECCE001C4DEA /* DaoSearchListView.swift */; };
		557FD1262A25FEA000BDC5B0 /* GroupedDaosDataSource.swift in Sources */ = {isa = PBXBuildFile; fileRef = 557FD1252A25FEA000BDC5B0 /* GroupedDaosDataSource.swift */; };
		5586BB892A34C75500A6E316 /* AuthManager.swift in Sources */ = {isa = PBXBuildFile; fileRef = 5586BB882A34C75500A6E316 /* AuthManager.swift */; };
		5586BB8B2A39F0C000A6E316 /* DaoListItemView.swift in Sources */ = {isa = PBXBuildFile; fileRef = 5586BB8A2A39F0C000A6E316 /* DaoListItemView.swift */; };
		5586BB8D2A3AFF6D00A6E316 /* DaoCardView.swift in Sources */ = {isa = PBXBuildFile; fileRef = 5586BB8C2A3AFF6D00A6E316 /* DaoCardView.swift */; };
		559025012A3DF6BE001B1770 /* Proposal.swift in Sources */ = {isa = PBXBuildFile; fileRef = 559025002A3DF6BE001B1770 /* Proposal.swift */; };
		5596F14E2A4F497100BD55C7 /* PrimaryButton.swift in Sources */ = {isa = PBXBuildFile; fileRef = 5596F14D2A4F497100BD55C7 /* PrimaryButton.swift */; };
		5596F1522A4F549F00BD55C7 /* VoteButton.swift in Sources */ = {isa = PBXBuildFile; fileRef = 5596F1512A4F549F00BD55C7 /* VoteButton.swift */; };
		5596F1542A51969D00BD55C7 /* DeviceOrientationManager.swift in Sources */ = {isa = PBXBuildFile; fileRef = 5596F1532A51969D00BD55C7 /* DeviceOrientationManager.swift */; };
		5597E73B2A0A5C8800E2FAE4 /* ApiError.swift in Sources */ = {isa = PBXBuildFile; fileRef = 5597E7352A0A5C8800E2FAE4 /* ApiError.swift */; };
		5597E73C2A0A5C8800E2FAE4 /* ErrorViewModel.swift in Sources */ = {isa = PBXBuildFile; fileRef = 5597E7362A0A5C8800E2FAE4 /* ErrorViewModel.swift */; };
		5597E73D2A0A5C8800E2FAE4 /* APIService.swift in Sources */ = {isa = PBXBuildFile; fileRef = 5597E7372A0A5C8800E2FAE4 /* APIService.swift */; };
		5597E73E2A0A5C8800E2FAE4 /* NetworkManager.swift in Sources */ = {isa = PBXBuildFile; fileRef = 5597E7382A0A5C8800E2FAE4 /* NetworkManager.swift */; };
		5597E73F2A0A5C8800E2FAE4 /* ErrorView.swift in Sources */ = {isa = PBXBuildFile; fileRef = 5597E7392A0A5C8800E2FAE4 /* ErrorView.swift */; };
		5597E7402A0A5C8800E2FAE4 /* Endpoint.swift in Sources */ = {isa = PBXBuildFile; fileRef = 5597E73A2A0A5C8800E2FAE4 /* Endpoint.swift */; };
		55B7B4222A5AC28700A894AD /* NotificationsManager.swift in Sources */ = {isa = PBXBuildFile; fileRef = 55B7B4212A5AC28700A894AD /* NotificationsManager.swift */; };
		55B7B4272A5ACA0B00A894AD /* FirebaseAnalyticsWithoutAdIdSupport in Frameworks */ = {isa = PBXBuildFile; productRef = 55B7B4262A5ACA0B00A894AD /* FirebaseAnalyticsWithoutAdIdSupport */; };
		55B7B4292A5ACA0B00A894AD /* FirebaseCrashlytics in Frameworks */ = {isa = PBXBuildFile; productRef = 55B7B4282A5ACA0B00A894AD /* FirebaseCrashlytics */; };
		55B7B42C2A5ACD6400A894AD /* FirebaseMessaging in Frameworks */ = {isa = PBXBuildFile; productRef = 55B7B42B2A5ACD6400A894AD /* FirebaseMessaging */; };
		55B7B4362A5ADC5700A894AD /* NotificationService.swift in Sources */ = {isa = PBXBuildFile; fileRef = 55B7B4352A5ADC5700A894AD /* NotificationService.swift */; };
		55B7B43A2A5ADC5700A894AD /* NotificationServiceExtension.appex in Embed Foundation Extensions */ = {isa = PBXBuildFile; fileRef = 55B7B4332A5ADC5700A894AD /* NotificationServiceExtension.appex */; settings = {ATTRIBUTES = (RemoveHeadersOnCopy, ); }; };
		55B7B4402A5AE96900A894AD /* NotificationsStatus.swift in Sources */ = {isa = PBXBuildFile; fileRef = 55B7B43F2A5AE96900A894AD /* NotificationsStatus.swift */; };
		55B7B4432A5B087200A894AD /* GoogleService-Info.plist in Resources */ = {isa = PBXBuildFile; fileRef = 55B7B4422A5B087200A894AD /* GoogleService-Info.plist */; };
		55D632B0295055D30073E04A /* SettingKeys.swift in Sources */ = {isa = PBXBuildFile; fileRef = 55D632AF295055D30073E04A /* SettingKeys.swift */; };
		55D632B3295057880073E04A /* IntroView.swift in Sources */ = {isa = PBXBuildFile; fileRef = 55D632B2295057880073E04A /* IntroView.swift */; };
		55D632B929505C4F0073E04A /* InboxView.swift in Sources */ = {isa = PBXBuildFile; fileRef = 55D632B829505C4F0073E04A /* InboxView.swift */; };
		55D632BB29505C600073E04A /* SearchView.swift in Sources */ = {isa = PBXBuildFile; fileRef = 55D632BA29505C600073E04A /* SearchView.swift */; };
		55D632BF29505C800073E04A /* SettingsView.swift in Sources */ = {isa = PBXBuildFile; fileRef = 55D632BE29505C800073E04A /* SettingsView.swift */; };
		55D632C329505DFF0073E04A /* AppTabView.swift in Sources */ = {isa = PBXBuildFile; fileRef = 55D632C229505DFF0073E04A /* AppTabView.swift */; };
		55D632C52950CB4A0073E04A /* TermsView.swift in Sources */ = {isa = PBXBuildFile; fileRef = 55D632C42950CB4A0073E04A /* TermsView.swift */; };
		55D68FDF2A43251900A22657 /* Notifications.swift in Sources */ = {isa = PBXBuildFile; fileRef = 55D68FDE2A43251900A22657 /* Notifications.swift */; };
		55DDE8C22A46367F006DA335 /* MarkdownUI in Frameworks */ = {isa = PBXBuildFile; productRef = 55DDE8C12A46367F006DA335 /* MarkdownUI */; };
		55DDE8C42A4636DA006DA335 /* SnapshotProposalDescriptionView.swift in Sources */ = {isa = PBXBuildFile; fileRef = 55DDE8C32A4636DA006DA335 /* SnapshotProposalDescriptionView.swift */; };
		55F143DD294B1DDA00D00B73 /* GoverlandApp.swift in Sources */ = {isa = PBXBuildFile; fileRef = 55F143DC294B1DDA00D00B73 /* GoverlandApp.swift */; };
		55F143DF294B1DDA00D00B73 /* ContentView.swift in Sources */ = {isa = PBXBuildFile; fileRef = 55F143DE294B1DDA00D00B73 /* ContentView.swift */; };
		55F143E1294B1DDC00D00B73 /* Assets.xcassets in Resources */ = {isa = PBXBuildFile; fileRef = 55F143E0294B1DDC00D00B73 /* Assets.xcassets */; };
		55F143E4294B1DDC00D00B73 /* Preview Assets.xcassets in Resources */ = {isa = PBXBuildFile; fileRef = 55F143E3294B1DDC00D00B73 /* Preview Assets.xcassets */; };
		BA09B30C2A2A3B6600223049 /* SnapshotProposalView.swift in Sources */ = {isa = PBXBuildFile; fileRef = BA09B3062A2A3B6600223049 /* SnapshotProposalView.swift */; };
		BA1EAD7029F053E9008D92E9 /* Fonts.swift in Sources */ = {isa = PBXBuildFile; fileRef = BA1EAD6F29F053E9008D92E9 /* Fonts.swift */; };
		BA1EAD7329F32D65008D92E9 /* TreasuryListItemView.swift in Sources */ = {isa = PBXBuildFile; fileRef = BA1EAD7229F32D65008D92E9 /* TreasuryListItemView.swift */; };
		BA1EAD7929F56624008D92E9 /* TreasuryListItemHeaderView.swift in Sources */ = {isa = PBXBuildFile; fileRef = BA1EAD7829F56624008D92E9 /* TreasuryListItemHeaderView.swift */; };
		BA1EAD7B29F56881008D92E9 /* TreasuryStatusView.swift in Sources */ = {isa = PBXBuildFile; fileRef = BA1EAD7A29F56881008D92E9 /* TreasuryStatusView.swift */; };
		BA1EAD7D29F5796A008D92E9 /* TreasuryListItemContentView.swift in Sources */ = {isa = PBXBuildFile; fileRef = BA1EAD7C29F5796A008D92E9 /* TreasuryListItemContentView.swift */; };
		BA27EA6129DE0F0F00AA5055 /* Kingfisher in Frameworks */ = {isa = PBXBuildFile; productRef = BA27EA6029DE0F0F00AA5055 /* Kingfisher */; };
		BA2EA2012967610500FB87AC /* FilterButtonsView.swift in Sources */ = {isa = PBXBuildFile; fileRef = BA2EA2002967610500FB87AC /* FilterButtonsView.swift */; };
		BA2EA20429677F7C00FB87AC /* InboxDataSource.swift in Sources */ = {isa = PBXBuildFile; fileRef = BA2EA20329677F7C00FB87AC /* InboxDataSource.swift */; };
		BA2EA20D2968904C00FB87AC /* InboxEvent.swift in Sources */ = {isa = PBXBuildFile; fileRef = BA2EA20C2968904C00FB87AC /* InboxEvent.swift */; };
		BA2EA20F2968912B00FB87AC /* User.swift in Sources */ = {isa = PBXBuildFile; fileRef = BA2EA20E2968912B00FB87AC /* User.swift */; };
		BA352F04298AF89F00F78958 /* IntroLoadingView.storyboard in Resources */ = {isa = PBXBuildFile; fileRef = BA352F03298AF89F00F78958 /* IntroLoadingView.storyboard */; };
		BA352F0A298C184D00F78958 /* Dao.swift in Sources */ = {isa = PBXBuildFile; fileRef = BA352F09298C184D00F78958 /* Dao.swift */; };
		BA50AB2F29FEE3CE00EC2AA6 /* ShimmerLoadingView.swift in Sources */ = {isa = PBXBuildFile; fileRef = BA50AB2E29FEE3CE00EC2AA6 /* ShimmerLoadingView.swift */; };
		BA50AB3C2A009D0D00EC2AA6 /* SnapshotProposalVoteTabView.swift in Sources */ = {isa = PBXBuildFile; fileRef = BA50AB3B2A009D0D00EC2AA6 /* SnapshotProposalVoteTabView.swift */; };
		BA50AB402A04086900EC2AA6 /* SnapshotBasicVotingView.swift in Sources */ = {isa = PBXBuildFile; fileRef = BA50AB3F2A04086900EC2AA6 /* SnapshotBasicVotingView.swift */; };
		BA57D21A295CB35400DB1963 /* ProposalListItemView.swift in Sources */ = {isa = PBXBuildFile; fileRef = BA57D219295CB35400DB1963 /* ProposalListItemView.swift */; };
		BA5D8D3D2A2E62D900F76DB3 /* GroupedDaosView.swift in Sources */ = {isa = PBXBuildFile; fileRef = BA5D8D3C2A2E62D900F76DB3 /* GroupedDaosView.swift */; };
		BA6B964B2A31056300851826 /* SearchProposalView.swift in Sources */ = {isa = PBXBuildFile; fileRef = BA6B964A2A31056300851826 /* SearchProposalView.swift */; };
		BA6B96512A376C7700851826 /* FollowButtonView.swift in Sources */ = {isa = PBXBuildFile; fileRef = BA6B96502A376C7700851826 /* FollowButtonView.swift */; };
		BA6B96532A376CEF00851826 /* FollowButtonDataSource.swift in Sources */ = {isa = PBXBuildFile; fileRef = BA6B96522A376CEF00851826 /* FollowButtonDataSource.swift */; };
		BA6B96552A38B87300851826 /* Subscription.swift in Sources */ = {isa = PBXBuildFile; fileRef = BA6B96542A38B87300851826 /* Subscription.swift */; };
		BA84514C2A4896C00088A6E6 /* DaoInfoDataSource.swift in Sources */ = {isa = PBXBuildFile; fileRef = BA84514B2A4896C00088A6E6 /* DaoInfoDataSource.swift */; };
		BA84514E2A48A9430088A6E6 /* DaoInfoAboutDaoView.swift in Sources */ = {isa = PBXBuildFile; fileRef = BA84514D2A48A9430088A6E6 /* DaoInfoAboutDaoView.swift */; };
		BA8451522A4A50050088A6E6 /* SnapshotSingleChoiceVotingView.swift in Sources */ = {isa = PBXBuildFile; fileRef = BA8451512A4A50050088A6E6 /* SnapshotSingleChoiceVotingView.swift */; };
		BA8451542A4A56010088A6E6 /* SnapshotSingleChoiceVotingResultView.swift in Sources */ = {isa = PBXBuildFile; fileRef = BA8451532A4A56010088A6E6 /* SnapshotSingleChoiceVotingResultView.swift */; };
		BA8451562A4B660C0088A6E6 /* SnapshotProposalInfoView.swift in Sources */ = {isa = PBXBuildFile; fileRef = BA8451552A4B660C0088A6E6 /* SnapshotProposalInfoView.swift */; };
		BA8451582A4CDC0F0088A6E6 /* SnapshotApprovalVotingView.swift in Sources */ = {isa = PBXBuildFile; fileRef = BA8451572A4CDC0F0088A6E6 /* SnapshotApprovalVotingView.swift */; };
		BA84515A2A4CE3810088A6E6 /* SnapshotApprovalVotingResultView.swift in Sources */ = {isa = PBXBuildFile; fileRef = BA8451592A4CE3810088A6E6 /* SnapshotApprovalVotingResultView.swift */; };
		BA84515C2A4F59400088A6E6 /* SnapshotWeightedVotingView.swift in Sources */ = {isa = PBXBuildFile; fileRef = BA84515B2A4F59400088A6E6 /* SnapshotWeightedVotingView.swift */; };
		BA84515E2A505BC40088A6E6 /* SnapshotWeightedVotingResultView.swift in Sources */ = {isa = PBXBuildFile; fileRef = BA84515D2A505BC40088A6E6 /* SnapshotWeightedVotingResultView.swift */; };
		BA8451662A5376CB0088A6E6 /* SnapshotRankedChoiceVotingView.swift in Sources */ = {isa = PBXBuildFile; fileRef = BA8451652A5376CB0088A6E6 /* SnapshotRankedChoiceVotingView.swift */; };
		BA8451682A5376E50088A6E6 /* SnapshotRankedChoiceVotingResultView.swift in Sources */ = {isa = PBXBuildFile; fileRef = BA8451672A5376E50088A6E6 /* SnapshotRankedChoiceVotingResultView.swift */; };
		BA84516C2A577A380088A6E6 /* PartnershipSettingView.swift in Sources */ = {isa = PBXBuildFile; fileRef = BA84516B2A577A380088A6E6 /* PartnershipSettingView.swift */; };
		BA8451702A5B4CF90088A6E6 /* VoteWarningPopupView.swift in Sources */ = {isa = PBXBuildFile; fileRef = BA84516F2A5B4CF90088A6E6 /* VoteWarningPopupView.swift */; };
		BA8451732A5B97F40088A6E6 /* ProposalDataSource.swift in Sources */ = {isa = PBXBuildFile; fileRef = BA8451722A5B97F40088A6E6 /* ProposalDataSource.swift */; };
		BAA6C2F4295CF5E000C848D8 /* SwiftDate in Frameworks */ = {isa = PBXBuildFile; productRef = BAA6C2F3295CF5E000C848D8 /* SwiftDate */; };
		BAA8ED802A06FF8900316BFD /* SnapshotBasicVotingResultView.swift in Sources */ = {isa = PBXBuildFile; fileRef = BAA8ED7F2A06FF8900316BFD /* SnapshotBasicVotingResultView.swift */; };
		BAA8ED822A07293600316BFD /* SnapshotVotersView.swift in Sources */ = {isa = PBXBuildFile; fileRef = BAA8ED812A07293600316BFD /* SnapshotVotersView.swift */; };
		BAB4B91F2A44864100D24110 /* Lottie in Frameworks */ = {isa = PBXBuildFile; productRef = BAB4B91E2A44864100D24110 /* Lottie */; };
		BAB4B9212A4487B400D24110 /* LottieIntroView.swift in Sources */ = {isa = PBXBuildFile; fileRef = BAB4B9202A4487B400D24110 /* LottieIntroView.swift */; };
		BAB4B9412A47495B00D24110 /* Chillax-Regular.otf in Resources */ = {isa = PBXBuildFile; fileRef = BAB4B9402A47495B00D24110 /* Chillax-Regular.otf */; };
		BAB4B9492A47522300D24110 /* Chillax-Medium.otf in Resources */ = {isa = PBXBuildFile; fileRef = BAB4B9432A47522300D24110 /* Chillax-Medium.otf */; };
		BAB4B94B2A47522300D24110 /* Chillax-Semibold.otf in Resources */ = {isa = PBXBuildFile; fileRef = BAB4B9452A47522300D24110 /* Chillax-Semibold.otf */; };
		BAB4B94E2A47522300D24110 /* Chillax-Bold.otf in Resources */ = {isa = PBXBuildFile; fileRef = BAB4B9482A47522300D24110 /* Chillax-Bold.otf */; };
		BAD5225E2A279A950097068F /* TwitterSettingsView.swift in Sources */ = {isa = PBXBuildFile; fileRef = BAD5225D2A279A950097068F /* TwitterSettingsView.swift */; };
		BAD522622A279B4E0097068F /* DiscordSettingsView.swift in Sources */ = {isa = PBXBuildFile; fileRef = BAD522612A279B4E0097068F /* DiscordSettingsView.swift */; };
		BADB99D02A3DFAA40098C0D3 /* SubscriptionsDataSource.swift in Sources */ = {isa = PBXBuildFile; fileRef = BADB99CF2A3DFAA40098C0D3 /* SubscriptionsDataSource.swift */; };
		BADB99D42A3DFF620098C0D3 /* SubscriptionsView.swift in Sources */ = {isa = PBXBuildFile; fileRef = BADB99D32A3DFF620098C0D3 /* SubscriptionsView.swift */; };
		BAF651C329AE5F8700C78A8A /* ColorSchemeManager.swift in Sources */ = {isa = PBXBuildFile; fileRef = BAF651C229AE5F8700C78A8A /* ColorSchemeManager.swift */; };
		BAF651C529B3EA0100C78A8A /* MailSendingView.swift in Sources */ = {isa = PBXBuildFile; fileRef = BAF651C429B3EA0100C78A8A /* MailSendingView.swift */; };
		BAF651CC29B79E3700C78A8A /* DaoInfoView.swift in Sources */ = {isa = PBXBuildFile; fileRef = BAF651CB29B79E3700C78A8A /* DaoInfoView.swift */; };
		BAF651CE29B79F8200C78A8A /* DaoInfoScreenHeaderView.swift in Sources */ = {isa = PBXBuildFile; fileRef = BAF651CD29B79F8200C78A8A /* DaoInfoScreenHeaderView.swift */; };
		BAF651D229C0F00000C78A8A /* RoundPictureView.swift in Sources */ = {isa = PBXBuildFile; fileRef = BAF651D129C0F00000C78A8A /* RoundPictureView.swift */; };
		BAF651FD29C8AFE600C78A8A /* TrackingEvent.swift in Sources */ = {isa = PBXBuildFile; fileRef = BAF651FC29C8AFE600C78A8A /* TrackingEvent.swift */; };
		BAF651FF29C8C1F300C78A8A /* Tracker.swift in Sources */ = {isa = PBXBuildFile; fileRef = BAF651FE29C8C1F300C78A8A /* Tracker.swift */; };
		BAF6520329C8C61500C78A8A /* ConsoleTracker.swift in Sources */ = {isa = PBXBuildFile; fileRef = BAF6520229C8C61500C78A8A /* ConsoleTracker.swift */; };
/* End PBXBuildFile section */

/* Begin PBXContainerItemProxy section */
		554301242A4C897C00029BC3 /* PBXContainerItemProxy */ = {
			isa = PBXContainerItemProxy;
			containerPortal = 55F143D1294B1DDA00D00B73 /* Project object */;
			proxyType = 1;
			remoteGlobalIDString = 55F143D8294B1DDA00D00B73;
			remoteInfo = Goverland;
		};
		55B7B4382A5ADC5700A894AD /* PBXContainerItemProxy */ = {
			isa = PBXContainerItemProxy;
			containerPortal = 55F143D1294B1DDA00D00B73 /* Project object */;
			proxyType = 1;
			remoteGlobalIDString = 55B7B4322A5ADC5700A894AD;
			remoteInfo = NotificationServiceExtension;
		};
/* End PBXContainerItemProxy section */

/* Begin PBXCopyFilesBuildPhase section */
		55B7B43E2A5ADC5800A894AD /* Embed Foundation Extensions */ = {
			isa = PBXCopyFilesBuildPhase;
			buildActionMask = 2147483647;
			dstPath = "";
			dstSubfolderSpec = 13;
			files = (
				55B7B43A2A5ADC5700A894AD /* NotificationServiceExtension.appex in Embed Foundation Extensions */,
			);
			name = "Embed Foundation Extensions";
			runOnlyForDeploymentPostprocessing = 0;
		};
/* End PBXCopyFilesBuildPhase section */

/* Begin PBXFileReference section */
		55143B532A56BDE8003103B1 /* ActiveSheetManager.swift */ = {isa = PBXFileReference; lastKnownFileType = sourcecode.swift; path = ActiveSheetManager.swift; sourceTree = "<group>"; };
		55143B552A585AC8003103B1 /* Vote.swift */ = {isa = PBXFileReference; fileEncoding = 4; lastKnownFileType = sourcecode.swift; path = Vote.swift; sourceTree = "<group>"; };
		5521D26D29EF092900A09FD4 /* Colors.swift */ = {isa = PBXFileReference; lastKnownFileType = sourcecode.swift; path = Colors.swift; sourceTree = "<group>"; };
		5521D27229EF0EA200A09FD4 /* IdentityView.swift */ = {isa = PBXFileReference; lastKnownFileType = sourcecode.swift; path = IdentityView.swift; sourceTree = "<group>"; };
		5521D27429EF137C00A09FD4 /* DateView.swift */ = {isa = PBXFileReference; lastKnownFileType = sourcecode.swift; path = DateView.swift; sourceTree = "<group>"; };
		5521D27629EF145300A09FD4 /* ProposalStatusView.swift */ = {isa = PBXFileReference; lastKnownFileType = sourcecode.swift; path = ProposalStatusView.swift; sourceTree = "<group>"; };
		5521D27829EF17C800A09FD4 /* InboxListItemFooterMenu.swift */ = {isa = PBXFileReference; lastKnownFileType = sourcecode.swift; path = InboxListItemFooterMenu.swift; sourceTree = "<group>"; };
		552885912A28EAE600ED2BCD /* OnboardingFollowDaosView.swift */ = {isa = PBXFileReference; fileEncoding = 4; lastKnownFileType = sourcecode.swift; path = OnboardingFollowDaosView.swift; sourceTree = "<group>"; };
		552885922A28EAE700ED2BCD /* CategoryDaosDataSource.swift */ = {isa = PBXFileReference; fileEncoding = 4; lastKnownFileType = sourcecode.swift; path = CategoryDaosDataSource.swift; sourceTree = "<group>"; };
		552885932A28EAE700ED2BCD /* FollowCategoryDaosListView.swift */ = {isa = PBXFileReference; fileEncoding = 4; lastKnownFileType = sourcecode.swift; path = FollowCategoryDaosListView.swift; sourceTree = "<group>"; };
		552885972A28EB1900ED2BCD /* Extentions.swift */ = {isa = PBXFileReference; fileEncoding = 4; lastKnownFileType = sourcecode.swift; path = Extentions.swift; sourceTree = "<group>"; };
		552885992A28EBF600ED2BCD /* RetryLoadingViews.swift */ = {isa = PBXFileReference; fileEncoding = 4; lastKnownFileType = sourcecode.swift; path = RetryLoadingViews.swift; sourceTree = "<group>"; };
		5533170129F16B290034AF66 /* Address.swift */ = {isa = PBXFileReference; lastKnownFileType = sourcecode.swift; path = Address.swift; sourceTree = "<group>"; };
		5543011A2A4C83F000029BC3 /* MetricNumberFormatter.swift */ = {isa = PBXFileReference; lastKnownFileType = sourcecode.swift; path = MetricNumberFormatter.swift; sourceTree = "<group>"; };
		554301222A4C897C00029BC3 /* MetricNumberFormatterTests.swift */ = {isa = PBXFileReference; lastKnownFileType = sourcecode.swift; path = MetricNumberFormatterTests.swift; sourceTree = "<group>"; };
		55458AC92A4087E000739002 /* AddSubscriptionView.swift */ = {isa = PBXFileReference; lastKnownFileType = sourcecode.swift; path = AddSubscriptionView.swift; sourceTree = "<group>"; };
		555310EA299F732500AB7557 /* EnablePushNotificationsView.swift */ = {isa = PBXFileReference; fileEncoding = 4; lastKnownFileType = sourcecode.swift; path = EnablePushNotificationsView.swift; sourceTree = "<group>"; };
		557177E82A3E3E1B0026B12A /* Utils.swift */ = {isa = PBXFileReference; lastKnownFileType = sourcecode.swift; path = Utils.swift; sourceTree = "<group>"; };
		557C9D652A30ECCE001C4DEA /* DaoSearchListView.swift */ = {isa = PBXFileReference; lastKnownFileType = sourcecode.swift; path = DaoSearchListView.swift; sourceTree = "<group>"; };
		557E057B2A4C95C800DB36C6 /* GoverlandTests.xctest */ = {isa = PBXFileReference; explicitFileType = wrapper.cfbundle; includeInIndex = 0; path = GoverlandTests.xctest; sourceTree = BUILT_PRODUCTS_DIR; };
		557FD1252A25FEA000BDC5B0 /* GroupedDaosDataSource.swift */ = {isa = PBXFileReference; lastKnownFileType = sourcecode.swift; path = GroupedDaosDataSource.swift; sourceTree = "<group>"; };
		5586BB882A34C75500A6E316 /* AuthManager.swift */ = {isa = PBXFileReference; lastKnownFileType = sourcecode.swift; path = AuthManager.swift; sourceTree = "<group>"; };
		5586BB8A2A39F0C000A6E316 /* DaoListItemView.swift */ = {isa = PBXFileReference; lastKnownFileType = sourcecode.swift; path = DaoListItemView.swift; sourceTree = "<group>"; };
		5586BB8C2A3AFF6D00A6E316 /* DaoCardView.swift */ = {isa = PBXFileReference; lastKnownFileType = sourcecode.swift; path = DaoCardView.swift; sourceTree = "<group>"; };
		559025002A3DF6BE001B1770 /* Proposal.swift */ = {isa = PBXFileReference; lastKnownFileType = sourcecode.swift; path = Proposal.swift; sourceTree = "<group>"; };
		5596F14D2A4F497100BD55C7 /* PrimaryButton.swift */ = {isa = PBXFileReference; lastKnownFileType = sourcecode.swift; path = PrimaryButton.swift; sourceTree = "<group>"; };
		5596F1512A4F549F00BD55C7 /* VoteButton.swift */ = {isa = PBXFileReference; lastKnownFileType = sourcecode.swift; path = VoteButton.swift; sourceTree = "<group>"; };
		5596F1532A51969D00BD55C7 /* DeviceOrientationManager.swift */ = {isa = PBXFileReference; lastKnownFileType = sourcecode.swift; path = DeviceOrientationManager.swift; sourceTree = "<group>"; };
		5597E7352A0A5C8800E2FAE4 /* ApiError.swift */ = {isa = PBXFileReference; fileEncoding = 4; lastKnownFileType = sourcecode.swift; path = ApiError.swift; sourceTree = "<group>"; };
		5597E7362A0A5C8800E2FAE4 /* ErrorViewModel.swift */ = {isa = PBXFileReference; fileEncoding = 4; lastKnownFileType = sourcecode.swift; path = ErrorViewModel.swift; sourceTree = "<group>"; };
		5597E7372A0A5C8800E2FAE4 /* APIService.swift */ = {isa = PBXFileReference; fileEncoding = 4; lastKnownFileType = sourcecode.swift; path = APIService.swift; sourceTree = "<group>"; };
		5597E7382A0A5C8800E2FAE4 /* NetworkManager.swift */ = {isa = PBXFileReference; fileEncoding = 4; lastKnownFileType = sourcecode.swift; path = NetworkManager.swift; sourceTree = "<group>"; };
		5597E7392A0A5C8800E2FAE4 /* ErrorView.swift */ = {isa = PBXFileReference; fileEncoding = 4; lastKnownFileType = sourcecode.swift; path = ErrorView.swift; sourceTree = "<group>"; };
		5597E73A2A0A5C8800E2FAE4 /* Endpoint.swift */ = {isa = PBXFileReference; fileEncoding = 4; lastKnownFileType = sourcecode.swift; path = Endpoint.swift; sourceTree = "<group>"; };
		55B7B4212A5AC28700A894AD /* NotificationsManager.swift */ = {isa = PBXFileReference; lastKnownFileType = sourcecode.swift; path = NotificationsManager.swift; sourceTree = "<group>"; };
		55B7B4332A5ADC5700A894AD /* NotificationServiceExtension.appex */ = {isa = PBXFileReference; explicitFileType = "wrapper.app-extension"; includeInIndex = 0; path = NotificationServiceExtension.appex; sourceTree = BUILT_PRODUCTS_DIR; };
		55B7B4352A5ADC5700A894AD /* NotificationService.swift */ = {isa = PBXFileReference; lastKnownFileType = sourcecode.swift; path = NotificationService.swift; sourceTree = "<group>"; };
		55B7B4372A5ADC5700A894AD /* Info.plist */ = {isa = PBXFileReference; lastKnownFileType = text.plist.xml; path = Info.plist; sourceTree = "<group>"; };
		55B7B43F2A5AE96900A894AD /* NotificationsStatus.swift */ = {isa = PBXFileReference; lastKnownFileType = sourcecode.swift; path = NotificationsStatus.swift; sourceTree = "<group>"; };
		55B7B4412A5B059800A894AD /* Goverland.entitlements */ = {isa = PBXFileReference; lastKnownFileType = text.plist.entitlements; path = Goverland.entitlements; sourceTree = "<group>"; };
		55B7B4422A5B087200A894AD /* GoogleService-Info.plist */ = {isa = PBXFileReference; fileEncoding = 4; lastKnownFileType = text.plist.xml; path = "GoogleService-Info.plist"; sourceTree = "<group>"; };
		55D632AF295055D30073E04A /* SettingKeys.swift */ = {isa = PBXFileReference; lastKnownFileType = sourcecode.swift; path = SettingKeys.swift; sourceTree = "<group>"; };
		55D632B2295057880073E04A /* IntroView.swift */ = {isa = PBXFileReference; lastKnownFileType = sourcecode.swift; path = IntroView.swift; sourceTree = "<group>"; };
		55D632B829505C4F0073E04A /* InboxView.swift */ = {isa = PBXFileReference; lastKnownFileType = sourcecode.swift; path = InboxView.swift; sourceTree = "<group>"; };
		55D632BA29505C600073E04A /* SearchView.swift */ = {isa = PBXFileReference; lastKnownFileType = sourcecode.swift; path = SearchView.swift; sourceTree = "<group>"; };
		55D632BE29505C800073E04A /* SettingsView.swift */ = {isa = PBXFileReference; lastKnownFileType = sourcecode.swift; path = SettingsView.swift; sourceTree = "<group>"; };
		55D632C229505DFF0073E04A /* AppTabView.swift */ = {isa = PBXFileReference; lastKnownFileType = sourcecode.swift; path = AppTabView.swift; sourceTree = "<group>"; };
		55D632C42950CB4A0073E04A /* TermsView.swift */ = {isa = PBXFileReference; lastKnownFileType = sourcecode.swift; path = TermsView.swift; sourceTree = "<group>"; };
		55D68FDE2A43251900A22657 /* Notifications.swift */ = {isa = PBXFileReference; lastKnownFileType = sourcecode.swift; path = Notifications.swift; sourceTree = "<group>"; };
		55DDE8C32A4636DA006DA335 /* SnapshotProposalDescriptionView.swift */ = {isa = PBXFileReference; fileEncoding = 4; lastKnownFileType = sourcecode.swift; path = SnapshotProposalDescriptionView.swift; sourceTree = "<group>"; };
		55F143DC294B1DDA00D00B73 /* GoverlandApp.swift */ = {isa = PBXFileReference; lastKnownFileType = sourcecode.swift; path = GoverlandApp.swift; sourceTree = "<group>"; };
		55F143DE294B1DDA00D00B73 /* ContentView.swift */ = {isa = PBXFileReference; lastKnownFileType = sourcecode.swift; path = ContentView.swift; sourceTree = "<group>"; };
		55F143E0294B1DDC00D00B73 /* Assets.xcassets */ = {isa = PBXFileReference; lastKnownFileType = folder.assetcatalog; path = Assets.xcassets; sourceTree = "<group>"; };
		55F143E3294B1DDC00D00B73 /* Preview Assets.xcassets */ = {isa = PBXFileReference; lastKnownFileType = folder.assetcatalog; path = "Preview Assets.xcassets"; sourceTree = "<group>"; };
		BA09B3062A2A3B6600223049 /* SnapshotProposalView.swift */ = {isa = PBXFileReference; fileEncoding = 4; lastKnownFileType = sourcecode.swift; path = SnapshotProposalView.swift; sourceTree = "<group>"; };
		BA1EAD6F29F053E9008D92E9 /* Fonts.swift */ = {isa = PBXFileReference; lastKnownFileType = sourcecode.swift; path = Fonts.swift; sourceTree = "<group>"; };
		BA1EAD7229F32D65008D92E9 /* TreasuryListItemView.swift */ = {isa = PBXFileReference; lastKnownFileType = sourcecode.swift; path = TreasuryListItemView.swift; sourceTree = "<group>"; };
		BA1EAD7829F56624008D92E9 /* TreasuryListItemHeaderView.swift */ = {isa = PBXFileReference; lastKnownFileType = sourcecode.swift; path = TreasuryListItemHeaderView.swift; sourceTree = "<group>"; };
		BA1EAD7A29F56881008D92E9 /* TreasuryStatusView.swift */ = {isa = PBXFileReference; lastKnownFileType = sourcecode.swift; path = TreasuryStatusView.swift; sourceTree = "<group>"; };
		BA1EAD7C29F5796A008D92E9 /* TreasuryListItemContentView.swift */ = {isa = PBXFileReference; lastKnownFileType = sourcecode.swift; path = TreasuryListItemContentView.swift; sourceTree = "<group>"; };
		BA2EA2002967610500FB87AC /* FilterButtonsView.swift */ = {isa = PBXFileReference; lastKnownFileType = sourcecode.swift; path = FilterButtonsView.swift; sourceTree = "<group>"; };
		BA2EA20329677F7C00FB87AC /* InboxDataSource.swift */ = {isa = PBXFileReference; lastKnownFileType = sourcecode.swift; path = InboxDataSource.swift; sourceTree = "<group>"; };
		BA2EA20C2968904C00FB87AC /* InboxEvent.swift */ = {isa = PBXFileReference; lastKnownFileType = sourcecode.swift; path = InboxEvent.swift; sourceTree = "<group>"; };
		BA2EA20E2968912B00FB87AC /* User.swift */ = {isa = PBXFileReference; lastKnownFileType = sourcecode.swift; path = User.swift; sourceTree = "<group>"; };
		BA352F03298AF89F00F78958 /* IntroLoadingView.storyboard */ = {isa = PBXFileReference; lastKnownFileType = file.storyboard; path = IntroLoadingView.storyboard; sourceTree = "<group>"; };
		BA352F09298C184D00F78958 /* Dao.swift */ = {isa = PBXFileReference; lastKnownFileType = sourcecode.swift; path = Dao.swift; sourceTree = "<group>"; };
		BA50AB2E29FEE3CE00EC2AA6 /* ShimmerLoadingView.swift */ = {isa = PBXFileReference; lastKnownFileType = sourcecode.swift; path = ShimmerLoadingView.swift; sourceTree = "<group>"; };
		BA50AB3B2A009D0D00EC2AA6 /* SnapshotProposalVoteTabView.swift */ = {isa = PBXFileReference; lastKnownFileType = sourcecode.swift; path = SnapshotProposalVoteTabView.swift; sourceTree = "<group>"; };
		BA50AB3F2A04086900EC2AA6 /* SnapshotBasicVotingView.swift */ = {isa = PBXFileReference; lastKnownFileType = sourcecode.swift; path = SnapshotBasicVotingView.swift; sourceTree = "<group>"; };
		BA57D219295CB35400DB1963 /* ProposalListItemView.swift */ = {isa = PBXFileReference; lastKnownFileType = sourcecode.swift; path = ProposalListItemView.swift; sourceTree = "<group>"; };
		BA5D8D3C2A2E62D900F76DB3 /* GroupedDaosView.swift */ = {isa = PBXFileReference; lastKnownFileType = sourcecode.swift; path = GroupedDaosView.swift; sourceTree = "<group>"; };
		BA6B964A2A31056300851826 /* SearchProposalView.swift */ = {isa = PBXFileReference; lastKnownFileType = sourcecode.swift; path = SearchProposalView.swift; sourceTree = "<group>"; };
		BA6B96502A376C7700851826 /* FollowButtonView.swift */ = {isa = PBXFileReference; lastKnownFileType = sourcecode.swift; path = FollowButtonView.swift; sourceTree = "<group>"; };
		BA6B96522A376CEF00851826 /* FollowButtonDataSource.swift */ = {isa = PBXFileReference; lastKnownFileType = sourcecode.swift; path = FollowButtonDataSource.swift; sourceTree = "<group>"; };
		BA6B96542A38B87300851826 /* Subscription.swift */ = {isa = PBXFileReference; lastKnownFileType = sourcecode.swift; path = Subscription.swift; sourceTree = "<group>"; };
		BA84514B2A4896C00088A6E6 /* DaoInfoDataSource.swift */ = {isa = PBXFileReference; lastKnownFileType = sourcecode.swift; path = DaoInfoDataSource.swift; sourceTree = "<group>"; };
		BA84514D2A48A9430088A6E6 /* DaoInfoAboutDaoView.swift */ = {isa = PBXFileReference; lastKnownFileType = sourcecode.swift; path = DaoInfoAboutDaoView.swift; sourceTree = "<group>"; };
		BA8451512A4A50050088A6E6 /* SnapshotSingleChoiceVotingView.swift */ = {isa = PBXFileReference; lastKnownFileType = sourcecode.swift; path = SnapshotSingleChoiceVotingView.swift; sourceTree = "<group>"; };
		BA8451532A4A56010088A6E6 /* SnapshotSingleChoiceVotingResultView.swift */ = {isa = PBXFileReference; lastKnownFileType = sourcecode.swift; path = SnapshotSingleChoiceVotingResultView.swift; sourceTree = "<group>"; };
		BA8451552A4B660C0088A6E6 /* SnapshotProposalInfoView.swift */ = {isa = PBXFileReference; lastKnownFileType = sourcecode.swift; path = SnapshotProposalInfoView.swift; sourceTree = "<group>"; };
		BA8451572A4CDC0F0088A6E6 /* SnapshotApprovalVotingView.swift */ = {isa = PBXFileReference; lastKnownFileType = sourcecode.swift; path = SnapshotApprovalVotingView.swift; sourceTree = "<group>"; };
		BA8451592A4CE3810088A6E6 /* SnapshotApprovalVotingResultView.swift */ = {isa = PBXFileReference; lastKnownFileType = sourcecode.swift; path = SnapshotApprovalVotingResultView.swift; sourceTree = "<group>"; };
		BA84515B2A4F59400088A6E6 /* SnapshotWeightedVotingView.swift */ = {isa = PBXFileReference; lastKnownFileType = sourcecode.swift; path = SnapshotWeightedVotingView.swift; sourceTree = "<group>"; };
		BA84515D2A505BC40088A6E6 /* SnapshotWeightedVotingResultView.swift */ = {isa = PBXFileReference; lastKnownFileType = sourcecode.swift; path = SnapshotWeightedVotingResultView.swift; sourceTree = "<group>"; };
		BA8451652A5376CB0088A6E6 /* SnapshotRankedChoiceVotingView.swift */ = {isa = PBXFileReference; lastKnownFileType = sourcecode.swift; path = SnapshotRankedChoiceVotingView.swift; sourceTree = "<group>"; };
		BA8451672A5376E50088A6E6 /* SnapshotRankedChoiceVotingResultView.swift */ = {isa = PBXFileReference; lastKnownFileType = sourcecode.swift; path = SnapshotRankedChoiceVotingResultView.swift; sourceTree = "<group>"; };
		BA84516B2A577A380088A6E6 /* PartnershipSettingView.swift */ = {isa = PBXFileReference; lastKnownFileType = sourcecode.swift; path = PartnershipSettingView.swift; sourceTree = "<group>"; };
		BA84516F2A5B4CF90088A6E6 /* VoteWarningPopupView.swift */ = {isa = PBXFileReference; lastKnownFileType = sourcecode.swift; path = VoteWarningPopupView.swift; sourceTree = "<group>"; };
		BA8451722A5B97F40088A6E6 /* ProposalDataSource.swift */ = {isa = PBXFileReference; lastKnownFileType = sourcecode.swift; path = ProposalDataSource.swift; sourceTree = "<group>"; };
		BAA8ED7F2A06FF8900316BFD /* SnapshotBasicVotingResultView.swift */ = {isa = PBXFileReference; lastKnownFileType = sourcecode.swift; path = SnapshotBasicVotingResultView.swift; sourceTree = "<group>"; };
		BAA8ED812A07293600316BFD /* SnapshotVotersView.swift */ = {isa = PBXFileReference; lastKnownFileType = sourcecode.swift; path = SnapshotVotersView.swift; sourceTree = "<group>"; };
		BAB4B9202A4487B400D24110 /* LottieIntroView.swift */ = {isa = PBXFileReference; lastKnownFileType = sourcecode.swift; path = LottieIntroView.swift; sourceTree = "<group>"; };
		BAB4B9402A47495B00D24110 /* Chillax-Regular.otf */ = {isa = PBXFileReference; lastKnownFileType = file; path = "Chillax-Regular.otf"; sourceTree = "<group>"; };
		BAB4B9422A4749A300D24110 /* Info.plist */ = {isa = PBXFileReference; lastKnownFileType = text.plist; path = Info.plist; sourceTree = "<group>"; };
		BAB4B9432A47522300D24110 /* Chillax-Medium.otf */ = {isa = PBXFileReference; lastKnownFileType = file; path = "Chillax-Medium.otf"; sourceTree = "<group>"; };
		BAB4B9452A47522300D24110 /* Chillax-Semibold.otf */ = {isa = PBXFileReference; lastKnownFileType = file; path = "Chillax-Semibold.otf"; sourceTree = "<group>"; };
		BAB4B9482A47522300D24110 /* Chillax-Bold.otf */ = {isa = PBXFileReference; lastKnownFileType = file; path = "Chillax-Bold.otf"; sourceTree = "<group>"; };
		BAD5225D2A279A950097068F /* TwitterSettingsView.swift */ = {isa = PBXFileReference; lastKnownFileType = sourcecode.swift; path = TwitterSettingsView.swift; sourceTree = "<group>"; };
		BAD522612A279B4E0097068F /* DiscordSettingsView.swift */ = {isa = PBXFileReference; lastKnownFileType = sourcecode.swift; path = DiscordSettingsView.swift; sourceTree = "<group>"; };
		BADB99CF2A3DFAA40098C0D3 /* SubscriptionsDataSource.swift */ = {isa = PBXFileReference; lastKnownFileType = sourcecode.swift; path = SubscriptionsDataSource.swift; sourceTree = "<group>"; };
		BADB99D32A3DFF620098C0D3 /* SubscriptionsView.swift */ = {isa = PBXFileReference; lastKnownFileType = sourcecode.swift; path = SubscriptionsView.swift; sourceTree = "<group>"; };
		BAF651B129A1580600C78A8A /* Goverland.app */ = {isa = PBXFileReference; explicitFileType = wrapper.application; includeInIndex = 0; path = Goverland.app; sourceTree = BUILT_PRODUCTS_DIR; };
		BAF651C229AE5F8700C78A8A /* ColorSchemeManager.swift */ = {isa = PBXFileReference; lastKnownFileType = sourcecode.swift; path = ColorSchemeManager.swift; sourceTree = "<group>"; };
		BAF651C429B3EA0100C78A8A /* MailSendingView.swift */ = {isa = PBXFileReference; lastKnownFileType = sourcecode.swift; path = MailSendingView.swift; sourceTree = "<group>"; };
		BAF651CB29B79E3700C78A8A /* DaoInfoView.swift */ = {isa = PBXFileReference; lastKnownFileType = sourcecode.swift; path = DaoInfoView.swift; sourceTree = "<group>"; };
		BAF651CD29B79F8200C78A8A /* DaoInfoScreenHeaderView.swift */ = {isa = PBXFileReference; lastKnownFileType = sourcecode.swift; path = DaoInfoScreenHeaderView.swift; sourceTree = "<group>"; };
		BAF651D129C0F00000C78A8A /* RoundPictureView.swift */ = {isa = PBXFileReference; lastKnownFileType = sourcecode.swift; path = RoundPictureView.swift; sourceTree = "<group>"; };
		BAF651FC29C8AFE600C78A8A /* TrackingEvent.swift */ = {isa = PBXFileReference; lastKnownFileType = sourcecode.swift; path = TrackingEvent.swift; sourceTree = "<group>"; };
		BAF651FE29C8C1F300C78A8A /* Tracker.swift */ = {isa = PBXFileReference; lastKnownFileType = sourcecode.swift; path = Tracker.swift; sourceTree = "<group>"; };
		BAF6520229C8C61500C78A8A /* ConsoleTracker.swift */ = {isa = PBXFileReference; lastKnownFileType = sourcecode.swift; path = ConsoleTracker.swift; sourceTree = "<group>"; };
/* End PBXFileReference section */

/* Begin PBXFrameworksBuildPhase section */
		5543011D2A4C897C00029BC3 /* Frameworks */ = {
			isa = PBXFrameworksBuildPhase;
			buildActionMask = 2147483647;
			files = (
			);
			runOnlyForDeploymentPostprocessing = 0;
		};
		55B7B4302A5ADC5700A894AD /* Frameworks */ = {
			isa = PBXFrameworksBuildPhase;
			buildActionMask = 2147483647;
			files = (
			);
			runOnlyForDeploymentPostprocessing = 0;
		};
		55F143D6294B1DDA00D00B73 /* Frameworks */ = {
			isa = PBXFrameworksBuildPhase;
			buildActionMask = 2147483647;
			files = (
				55B7B42C2A5ACD6400A894AD /* FirebaseMessaging in Frameworks */,
				BA27EA6129DE0F0F00AA5055 /* Kingfisher in Frameworks */,
				55B7B4272A5ACA0B00A894AD /* FirebaseAnalyticsWithoutAdIdSupport in Frameworks */,
				BAA6C2F4295CF5E000C848D8 /* SwiftDate in Frameworks */,
				55B7B4292A5ACA0B00A894AD /* FirebaseCrashlytics in Frameworks */,
				553316FE29F162FF0034AF66 /* BlockiesSwift in Frameworks */,
				BAB4B91F2A44864100D24110 /* Lottie in Frameworks */,
				55DDE8C22A46367F006DA335 /* MarkdownUI in Frameworks */,
			);
			runOnlyForDeploymentPostprocessing = 0;
		};
/* End PBXFrameworksBuildPhase section */

/* Begin PBXGroup section */
		5508BBA72993FC93003E691A /* Common */ = {
			isa = PBXGroup;
			children = (
				BAB4B93F2A47490800D24110 /* Font */,
				55D632AF295055D30073E04A /* SettingKeys.swift */,
				552885972A28EB1900ED2BCD /* Extentions.swift */,
				5521D26D29EF092900A09FD4 /* Colors.swift */,
				557177E82A3E3E1B0026B12A /* Utils.swift */,
				55D68FDE2A43251900A22657 /* Notifications.swift */,
				5543011A2A4C83F000029BC3 /* MetricNumberFormatter.swift */,
			);
			path = Common;
			sourceTree = "<group>";
		};
		5521D26F29EF0C7100A09FD4 /* UI Components */ = {
			isa = PBXGroup;
			children = (
				552885992A28EBF600ED2BCD /* RetryLoadingViews.swift */,
				5521D27429EF137C00A09FD4 /* DateView.swift */,
				BAF651D129C0F00000C78A8A /* RoundPictureView.swift */,
				5521D27229EF0EA200A09FD4 /* IdentityView.swift */,
				5521D27629EF145300A09FD4 /* ProposalStatusView.swift */,
				BA50AB2E29FEE3CE00EC2AA6 /* ShimmerLoadingView.swift */,
				5586BB8C2A3AFF6D00A6E316 /* DaoCardView.swift */,
				5586BB8A2A39F0C000A6E316 /* DaoListItemView.swift */,
				BA2EA2002967610500FB87AC /* FilterButtonsView.swift */,
				5596F14C2A4F494000BD55C7 /* Buttons */,
				BAAA526D2953ABF9003177BC /* Inbox List Item */,
			);
			path = "UI Components";
			sourceTree = "<group>";
		};
		554301212A4C897C00029BC3 /* GoverlandTests */ = {
			isa = PBXGroup;
			children = (
				554301222A4C897C00029BC3 /* MetricNumberFormatterTests.swift */,
			);
			path = GoverlandTests;
			sourceTree = "<group>";
		};
		557C9D672A30ECED001C4DEA /* Grouped */ = {
			isa = PBXGroup;
			children = (
				557FD1252A25FEA000BDC5B0 /* GroupedDaosDataSource.swift */,
				BA5D8D3C2A2E62D900F76DB3 /* GroupedDaosView.swift */,
				557C9D652A30ECCE001C4DEA /* DaoSearchListView.swift */,
			);
			path = Grouped;
			sourceTree = "<group>";
		};
		557C9D682A30ED4E001C4DEA /* Category */ = {
			isa = PBXGroup;
			children = (
				552885932A28EAE700ED2BCD /* FollowCategoryDaosListView.swift */,
				552885922A28EAE700ED2BCD /* CategoryDaosDataSource.swift */,
			);
			path = Category;
			sourceTree = "<group>";
		};
		5596F14C2A4F494000BD55C7 /* Buttons */ = {
			isa = PBXGroup;
			children = (
				BA6B964F2A376C4500851826 /* Follow Button */,
				5596F14D2A4F497100BD55C7 /* PrimaryButton.swift */,
			);
			path = Buttons;
			sourceTree = "<group>";
		};
		5597E7342A0A5C8800E2FAE4 /* Networking */ = {
			isa = PBXGroup;
			children = (
				5597E7352A0A5C8800E2FAE4 /* ApiError.swift */,
				5597E7362A0A5C8800E2FAE4 /* ErrorViewModel.swift */,
				5597E7372A0A5C8800E2FAE4 /* APIService.swift */,
				5597E7382A0A5C8800E2FAE4 /* NetworkManager.swift */,
				5597E7392A0A5C8800E2FAE4 /* ErrorView.swift */,
				5597E73A2A0A5C8800E2FAE4 /* Endpoint.swift */,
			);
			path = Networking;
			sourceTree = "<group>";
		};
		55B7B42A2A5ACD6400A894AD /* Frameworks */ = {
			isa = PBXGroup;
			children = (
			);
			name = Frameworks;
			sourceTree = "<group>";
		};
		55B7B4342A5ADC5700A894AD /* NotificationServiceExtension */ = {
			isa = PBXGroup;
			children = (
				55B7B4352A5ADC5700A894AD /* NotificationService.swift */,
				55B7B4372A5ADC5700A894AD /* Info.plist */,
			);
			path = NotificationServiceExtension;
			sourceTree = "<group>";
		};
		55D632B12950576C0073E04A /* Onboarding */ = {
			isa = PBXGroup;
			children = (
				BA352F03298AF89F00F78958 /* IntroLoadingView.storyboard */,
				BAB4B9202A4487B400D24110 /* LottieIntroView.swift */,
				55D632B2295057880073E04A /* IntroView.swift */,
				55D632C42950CB4A0073E04A /* TermsView.swift */,
				552885912A28EAE600ED2BCD /* OnboardingFollowDaosView.swift */,
				555310EA299F732500AB7557 /* EnablePushNotificationsView.swift */,
			);
			path = Onboarding;
			sourceTree = "<group>";
		};
		55D632B429505BDE0073E04A /* Inbox Tab */ = {
			isa = PBXGroup;
			children = (
				55D632B829505C4F0073E04A /* InboxView.swift */,
				BA2EA20329677F7C00FB87AC /* InboxDataSource.swift */,
			);
			path = "Inbox Tab";
			sourceTree = "<group>";
		};
		55D632B529505BEB0073E04A /* Search Tab */ = {
			isa = PBXGroup;
			children = (
				55D632BA29505C600073E04A /* SearchView.swift */,
			);
			path = "Search Tab";
			sourceTree = "<group>";
		};
		55D632B729505C070073E04A /* Settings Tab */ = {
			isa = PBXGroup;
			children = (
				55D632BE29505C800073E04A /* SettingsView.swift */,
				BAD5225D2A279A950097068F /* TwitterSettingsView.swift */,
				BAD522612A279B4E0097068F /* DiscordSettingsView.swift */,
				BAF651C429B3EA0100C78A8A /* MailSendingView.swift */,
				BA84516B2A577A380088A6E6 /* PartnershipSettingView.swift */,
			);
			path = "Settings Tab";
			sourceTree = "<group>";
		};
		55F143D0294B1DDA00D00B73 = {
			isa = PBXGroup;
			children = (
				55F143DB294B1DDA00D00B73 /* Goverland */,
				554301212A4C897C00029BC3 /* GoverlandTests */,
				55B7B4342A5ADC5700A894AD /* NotificationServiceExtension */,
				55B7B42A2A5ACD6400A894AD /* Frameworks */,
				BAF651B129A1580600C78A8A /* Goverland.app */,
				557E057B2A4C95C800DB36C6 /* GoverlandTests.xctest */,
				55B7B4332A5ADC5700A894AD /* NotificationServiceExtension.appex */,
			);
			sourceTree = "<group>";
		};
		55F143DB294B1DDA00D00B73 /* Goverland */ = {
			isa = PBXGroup;
			children = (
				55F143DC294B1DDA00D00B73 /* GoverlandApp.swift */,
				55F143DE294B1DDA00D00B73 /* ContentView.swift */,
				55D632C229505DFF0073E04A /* AppTabView.swift */,
				5586BB882A34C75500A6E316 /* AuthManager.swift */,
				BAF651C229AE5F8700C78A8A /* ColorSchemeManager.swift */,
				55143B532A56BDE8003103B1 /* ActiveSheetManager.swift */,
				5596F1532A51969D00BD55C7 /* DeviceOrientationManager.swift */,
				55B7B4212A5AC28700A894AD /* NotificationsManager.swift */,
				55F143E0294B1DDC00D00B73 /* Assets.xcassets */,
				BAB4B9422A4749A300D24110 /* Info.plist */,
				55B7B4422A5B087200A894AD /* GoogleService-Info.plist */,
				55B7B4412A5B059800A894AD /* Goverland.entitlements */,
				55D632B12950576C0073E04A /* Onboarding */,
				55D632B429505BDE0073E04A /* Inbox Tab */,
				55D632B529505BEB0073E04A /* Search Tab */,
				55D632B729505C070073E04A /* Settings Tab */,
				BA2EA20229677F0800FB87AC /* Model */,
				5597E7342A0A5C8800E2FAE4 /* Networking */,
				5521D26F29EF0C7100A09FD4 /* UI Components */,
				5508BBA72993FC93003E691A /* Common */,
				55FBE80E2A0BBDFF000A9204 /* DAOs */,
				BA8451712A5B97A00088A6E6 /* Proposals */,
				BA09B3022A2A3B6600223049 /* Snapshot Proposal */,
				55F143E2294B1DDC00D00B73 /* Preview Content */,
				BAF651FB29C8AFAF00C78A8A /* Analytics */,
			);
			path = Goverland;
			sourceTree = "<group>";
		};
		55F143E2294B1DDC00D00B73 /* Preview Content */ = {
			isa = PBXGroup;
			children = (
				55F143E3294B1DDC00D00B73 /* Preview Assets.xcassets */,
			);
			path = "Preview Content";
			sourceTree = "<group>";
		};
		55FBE80E2A0BBDFF000A9204 /* DAOs */ = {
			isa = PBXGroup;
			children = (
				BAF651CA29B79E2200C78A8A /* Info */,
				557C9D672A30ECED001C4DEA /* Grouped */,
				557C9D682A30ED4E001C4DEA /* Category */,
				BADB99CE2A3DFA470098C0D3 /* Subscriptions */,
			);
			path = DAOs;
			sourceTree = "<group>";
		};
		BA09B3022A2A3B6600223049 /* Snapshot Proposal */ = {
			isa = PBXGroup;
			children = (
				55DDE8C32A4636DA006DA335 /* SnapshotProposalDescriptionView.swift */,
				BA09B3062A2A3B6600223049 /* SnapshotProposalView.swift */,
				BAA8ED7E2A06FF4500316BFD /* Vote Tab */,
			);
			path = "Snapshot Proposal";
			sourceTree = "<group>";
		};
		BA1EAD7129F32D0C008D92E9 /* Treasury List Item */ = {
			isa = PBXGroup;
			children = (
				BA1EAD7A29F56881008D92E9 /* TreasuryStatusView.swift */,
				BA1EAD7229F32D65008D92E9 /* TreasuryListItemView.swift */,
				BA1EAD7829F56624008D92E9 /* TreasuryListItemHeaderView.swift */,
				BA1EAD7C29F5796A008D92E9 /* TreasuryListItemContentView.swift */,
			);
			path = "Treasury List Item";
			sourceTree = "<group>";
		};
		BA2EA20229677F0800FB87AC /* Model */ = {
			isa = PBXGroup;
			children = (
				BA352F09298C184D00F78958 /* Dao.swift */,
				559025002A3DF6BE001B1770 /* Proposal.swift */,
				BA2EA20C2968904C00FB87AC /* InboxEvent.swift */,
				BA2EA20E2968912B00FB87AC /* User.swift */,
				5533170129F16B290034AF66 /* Address.swift */,
				55143B552A585AC8003103B1 /* Vote.swift */,
				BA6B96542A38B87300851826 /* Subscription.swift */,
				55B7B43F2A5AE96900A894AD /* NotificationsStatus.swift */,
			);
			path = Model;
			sourceTree = "<group>";
		};
		BA6B964F2A376C4500851826 /* Follow Button */ = {
			isa = PBXGroup;
			children = (
				BA6B96502A376C7700851826 /* FollowButtonView.swift */,
				BA6B96522A376CEF00851826 /* FollowButtonDataSource.swift */,
			);
			path = "Follow Button";
			sourceTree = "<group>";
		};
		BA8451712A5B97A00088A6E6 /* Proposals */ = {
			isa = PBXGroup;
			children = (
				BA6B964A2A31056300851826 /* SearchProposalView.swift */,
				BA8451722A5B97F40088A6E6 /* ProposalDataSource.swift */,
			);
			path = Proposals;
			sourceTree = "<group>";
		};
		BAA8ED7E2A06FF4500316BFD /* Vote Tab */ = {
			isa = PBXGroup;
			children = (
				BA50AB3B2A009D0D00EC2AA6 /* SnapshotProposalVoteTabView.swift */,
				BA50AB3F2A04086900EC2AA6 /* SnapshotBasicVotingView.swift */,
				BAA8ED7F2A06FF8900316BFD /* SnapshotBasicVotingResultView.swift */,
				BA8451512A4A50050088A6E6 /* SnapshotSingleChoiceVotingView.swift */,
				BA8451532A4A56010088A6E6 /* SnapshotSingleChoiceVotingResultView.swift */,
				BA8451572A4CDC0F0088A6E6 /* SnapshotApprovalVotingView.swift */,
				BA8451592A4CE3810088A6E6 /* SnapshotApprovalVotingResultView.swift */,
				BA84515B2A4F59400088A6E6 /* SnapshotWeightedVotingView.swift */,
				BA84515D2A505BC40088A6E6 /* SnapshotWeightedVotingResultView.swift */,
				BA8451652A5376CB0088A6E6 /* SnapshotRankedChoiceVotingView.swift */,
				BA8451672A5376E50088A6E6 /* SnapshotRankedChoiceVotingResultView.swift */,
				BAA8ED812A07293600316BFD /* SnapshotVotersView.swift */,
				BA8451552A4B660C0088A6E6 /* SnapshotProposalInfoView.swift */,
				5596F1512A4F549F00BD55C7 /* VoteButton.swift */,
				BA84516F2A5B4CF90088A6E6 /* VoteWarningPopupView.swift */,
			);
			path = "Vote Tab";
			sourceTree = "<group>";
		};
		BAAA526D2953ABF9003177BC /* Inbox List Item */ = {
			isa = PBXGroup;
			children = (
				5521D27829EF17C800A09FD4 /* InboxListItemFooterMenu.swift */,
				BA57D219295CB35400DB1963 /* ProposalListItemView.swift */,
				BA1EAD7129F32D0C008D92E9 /* Treasury List Item */,
			);
			path = "Inbox List Item";
			sourceTree = "<group>";
		};
		BAB4B93F2A47490800D24110 /* Font */ = {
			isa = PBXGroup;
			children = (
				BAB4B9402A47495B00D24110 /* Chillax-Regular.otf */,
				BAB4B9482A47522300D24110 /* Chillax-Bold.otf */,
				BAB4B9432A47522300D24110 /* Chillax-Medium.otf */,
				BAB4B9452A47522300D24110 /* Chillax-Semibold.otf */,
				BA1EAD6F29F053E9008D92E9 /* Fonts.swift */,
			);
			path = Font;
			sourceTree = "<group>";
		};
		BADB99CE2A3DFA470098C0D3 /* Subscriptions */ = {
			isa = PBXGroup;
			children = (
				BADB99CF2A3DFAA40098C0D3 /* SubscriptionsDataSource.swift */,
				BADB99D32A3DFF620098C0D3 /* SubscriptionsView.swift */,
				55458AC92A4087E000739002 /* AddSubscriptionView.swift */,
			);
			path = Subscriptions;
			sourceTree = "<group>";
		};
		BAF651CA29B79E2200C78A8A /* Info */ = {
			isa = PBXGroup;
			children = (
				BAF651CB29B79E3700C78A8A /* DaoInfoView.swift */,
				BAF651CD29B79F8200C78A8A /* DaoInfoScreenHeaderView.swift */,
				BA84514D2A48A9430088A6E6 /* DaoInfoAboutDaoView.swift */,
				BA84514B2A4896C00088A6E6 /* DaoInfoDataSource.swift */,
			);
			path = Info;
			sourceTree = "<group>";
		};
		BAF651FB29C8AFAF00C78A8A /* Analytics */ = {
			isa = PBXGroup;
			children = (
				BAF651FE29C8C1F300C78A8A /* Tracker.swift */,
				BAF6520229C8C61500C78A8A /* ConsoleTracker.swift */,
				BAF651FC29C8AFE600C78A8A /* TrackingEvent.swift */,
			);
			path = Analytics;
			sourceTree = "<group>";
		};
/* End PBXGroup section */

/* Begin PBXNativeTarget section */
		5543011F2A4C897C00029BC3 /* GoverlandTests */ = {
			isa = PBXNativeTarget;
			buildConfigurationList = 554301282A4C897C00029BC3 /* Build configuration list for PBXNativeTarget "GoverlandTests" */;
			buildPhases = (
				5543011C2A4C897C00029BC3 /* Sources */,
				5543011D2A4C897C00029BC3 /* Frameworks */,
				5543011E2A4C897C00029BC3 /* Resources */,
			);
			buildRules = (
			);
			dependencies = (
				554301252A4C897C00029BC3 /* PBXTargetDependency */,
			);
			name = GoverlandTests;
			productName = GoverlandTests;
			productReference = 557E057B2A4C95C800DB36C6 /* GoverlandTests.xctest */;
			productType = "com.apple.product-type.bundle.unit-test";
		};
		55B7B4322A5ADC5700A894AD /* NotificationServiceExtension */ = {
			isa = PBXNativeTarget;
			buildConfigurationList = 55B7B43B2A5ADC5800A894AD /* Build configuration list for PBXNativeTarget "NotificationServiceExtension" */;
			buildPhases = (
				55B7B42F2A5ADC5700A894AD /* Sources */,
				55B7B4302A5ADC5700A894AD /* Frameworks */,
				55B7B4312A5ADC5700A894AD /* Resources */,
			);
			buildRules = (
			);
			dependencies = (
			);
			name = NotificationServiceExtension;
			productName = NotificationServiceExtension;
			productReference = 55B7B4332A5ADC5700A894AD /* NotificationServiceExtension.appex */;
			productType = "com.apple.product-type.app-extension";
		};
		55F143D8294B1DDA00D00B73 /* Goverland */ = {
			isa = PBXNativeTarget;
			buildConfigurationList = 55F143FD294B1DDD00D00B73 /* Build configuration list for PBXNativeTarget "Goverland" */;
			buildPhases = (
				55F143D5294B1DDA00D00B73 /* Sources */,
				55F143D6294B1DDA00D00B73 /* Frameworks */,
				55F143D7294B1DDA00D00B73 /* Resources */,
				BA2EA1FE29636C2700FB87AC /* TODO Warnings */,
				55B7B43E2A5ADC5800A894AD /* Embed Foundation Extensions */,
			);
			buildRules = (
			);
			dependencies = (
				55B7B4392A5ADC5700A894AD /* PBXTargetDependency */,
			);
			name = Goverland;
			packageProductDependencies = (
				BAA6C2F3295CF5E000C848D8 /* SwiftDate */,
				BA27EA6029DE0F0F00AA5055 /* Kingfisher */,
				553316FD29F162FF0034AF66 /* BlockiesSwift */,
				BAB4B91E2A44864100D24110 /* Lottie */,
				55DDE8C12A46367F006DA335 /* MarkdownUI */,
				55B7B4262A5ACA0B00A894AD /* FirebaseAnalyticsWithoutAdIdSupport */,
				55B7B4282A5ACA0B00A894AD /* FirebaseCrashlytics */,
				55B7B42B2A5ACD6400A894AD /* FirebaseMessaging */,
			);
			productName = DaoFeed;
			productReference = BAF651B129A1580600C78A8A /* Goverland.app */;
			productType = "com.apple.product-type.application";
		};
/* End PBXNativeTarget section */

/* Begin PBXProject section */
		55F143D1294B1DDA00D00B73 /* Project object */ = {
			isa = PBXProject;
			attributes = {
				BuildIndependentTargetsInParallel = 1;
				LastSwiftUpdateCheck = 1430;
				LastUpgradeCheck = 1420;
				TargetAttributes = {
					5543011F2A4C897C00029BC3 = {
						CreatedOnToolsVersion = 14.3.1;
						TestTargetID = 55F143D8294B1DDA00D00B73;
					};
					55B7B4322A5ADC5700A894AD = {
						CreatedOnToolsVersion = 14.3.1;
					};
					55F143D8294B1DDA00D00B73 = {
						CreatedOnToolsVersion = 14.2;
					};
				};
			};
			buildConfigurationList = 55F143D4294B1DDA00D00B73 /* Build configuration list for PBXProject "Goverland" */;
			compatibilityVersion = "Xcode 14.0";
			developmentRegion = en;
			hasScannedForEncodings = 0;
			knownRegions = (
				en,
				Base,
			);
			mainGroup = 55F143D0294B1DDA00D00B73;
			packageReferences = (
				BAA6C2F2295CF5E000C848D8 /* XCRemoteSwiftPackageReference "SwiftDate" */,
				BA27EA5F29DE0F0F00AA5055 /* XCRemoteSwiftPackageReference "Kingfisher" */,
				553316FC29F162FF0034AF66 /* XCRemoteSwiftPackageReference "BlockiesSwift" */,
				BAB4B91D2A44864000D24110 /* XCRemoteSwiftPackageReference "lottie-ios" */,
				55DDE8C02A46367F006DA335 /* XCRemoteSwiftPackageReference "swift-markdown-ui" */,
				55B7B4252A5ACA0B00A894AD /* XCRemoteSwiftPackageReference "firebase-ios-sdk" */,
			);
			productRefGroup = 55F143D0294B1DDA00D00B73;
			projectDirPath = "";
			projectRoot = "";
			targets = (
				55F143D8294B1DDA00D00B73 /* Goverland */,
				5543011F2A4C897C00029BC3 /* GoverlandTests */,
				55B7B4322A5ADC5700A894AD /* NotificationServiceExtension */,
			);
		};
/* End PBXProject section */

/* Begin PBXResourcesBuildPhase section */
		5543011E2A4C897C00029BC3 /* Resources */ = {
			isa = PBXResourcesBuildPhase;
			buildActionMask = 2147483647;
			files = (
			);
			runOnlyForDeploymentPostprocessing = 0;
		};
		55B7B4312A5ADC5700A894AD /* Resources */ = {
			isa = PBXResourcesBuildPhase;
			buildActionMask = 2147483647;
			files = (
			);
			runOnlyForDeploymentPostprocessing = 0;
		};
		55F143D7294B1DDA00D00B73 /* Resources */ = {
			isa = PBXResourcesBuildPhase;
			buildActionMask = 2147483647;
			files = (
				BAB4B94E2A47522300D24110 /* Chillax-Bold.otf in Resources */,
				55B7B4432A5B087200A894AD /* GoogleService-Info.plist in Resources */,
				BAB4B9412A47495B00D24110 /* Chillax-Regular.otf in Resources */,
				55F143E4294B1DDC00D00B73 /* Preview Assets.xcassets in Resources */,
				BAB4B9492A47522300D24110 /* Chillax-Medium.otf in Resources */,
				BA352F04298AF89F00F78958 /* IntroLoadingView.storyboard in Resources */,
				55F143E1294B1DDC00D00B73 /* Assets.xcassets in Resources */,
				BAB4B94B2A47522300D24110 /* Chillax-Semibold.otf in Resources */,
			);
			runOnlyForDeploymentPostprocessing = 0;
		};
/* End PBXResourcesBuildPhase section */

/* Begin PBXShellScriptBuildPhase section */
		BA2EA1FE29636C2700FB87AC /* TODO Warnings */ = {
			isa = PBXShellScriptBuildPhase;
			buildActionMask = 2147483647;
			files = (
			);
			inputFileListPaths = (
			);
			inputPaths = (
			);
			name = "TODO Warnings";
			outputFileListPaths = (
			);
			outputPaths = (
			);
			runOnlyForDeploymentPostprocessing = 0;
			shellPath = /bin/sh;
			shellScript = "# Type a script or drag a script file from your workspace to insert its path.\nTAGS=\"TODO:|FIXME:|WARNING:\"\necho \"searching ${SRCROOT} for ${TAGS}\"\nfind \"${SRCROOT}\" \\( -name \"*.swift\" \\) -print0 | xargs -0 egrep --with-filename --line-number --only-matching \"($TAGS).*\\$\" | perl -p -e \"s/($TAGS)/ warning: \\$1/\"\n";
		};
/* End PBXShellScriptBuildPhase section */

/* Begin PBXSourcesBuildPhase section */
		5543011C2A4C897C00029BC3 /* Sources */ = {
			isa = PBXSourcesBuildPhase;
			buildActionMask = 2147483647;
			files = (
				554301232A4C897C00029BC3 /* MetricNumberFormatterTests.swift in Sources */,
			);
			runOnlyForDeploymentPostprocessing = 0;
		};
		55B7B42F2A5ADC5700A894AD /* Sources */ = {
			isa = PBXSourcesBuildPhase;
			buildActionMask = 2147483647;
			files = (
				55B7B4362A5ADC5700A894AD /* NotificationService.swift in Sources */,
			);
			runOnlyForDeploymentPostprocessing = 0;
		};
		55F143D5294B1DDA00D00B73 /* Sources */ = {
			isa = PBXSourcesBuildPhase;
			buildActionMask = 2147483647;
			files = (
				55D632B0295055D30073E04A /* SettingKeys.swift in Sources */,
				5521D27329EF0EA200A09FD4 /* IdentityView.swift in Sources */,
				5597E73C2A0A5C8800E2FAE4 /* ErrorViewModel.swift in Sources */,
				BA84515A2A4CE3810088A6E6 /* SnapshotApprovalVotingResultView.swift in Sources */,
				55D632BF29505C800073E04A /* SettingsView.swift in Sources */,
				555310EC299F732500AB7557 /* EnablePushNotificationsView.swift in Sources */,
				BA8451682A5376E50088A6E6 /* SnapshotRankedChoiceVotingResultView.swift in Sources */,
				55D632B3295057880073E04A /* IntroView.swift in Sources */,
				557FD1262A25FEA000BDC5B0 /* GroupedDaosDataSource.swift in Sources */,
				BA1EAD7029F053E9008D92E9 /* Fonts.swift in Sources */,
				BA84515E2A505BC40088A6E6 /* SnapshotWeightedVotingResultView.swift in Sources */,
				55D632C329505DFF0073E04A /* AppTabView.swift in Sources */,
				BADB99D02A3DFAA40098C0D3 /* SubscriptionsDataSource.swift in Sources */,
				55F143DF294B1DDA00D00B73 /* ContentView.swift in Sources */,
				5521D27529EF137C00A09FD4 /* DateView.swift in Sources */,
				BA6B96512A376C7700851826 /* FollowButtonView.swift in Sources */,
				BAF651FD29C8AFE600C78A8A /* TrackingEvent.swift in Sources */,
				5597E73F2A0A5C8800E2FAE4 /* ErrorView.swift in Sources */,
				5586BB8B2A39F0C000A6E316 /* DaoListItemView.swift in Sources */,
				5596F1522A4F549F00BD55C7 /* VoteButton.swift in Sources */,
				BA352F0A298C184D00F78958 /* Dao.swift in Sources */,
				BAF651C329AE5F8700C78A8A /* ColorSchemeManager.swift in Sources */,
				BA50AB3C2A009D0D00EC2AA6 /* SnapshotProposalVoteTabView.swift in Sources */,
				55D632B929505C4F0073E04A /* InboxView.swift in Sources */,
				BAD522622A279B4E0097068F /* DiscordSettingsView.swift in Sources */,
				55DDE8C42A4636DA006DA335 /* SnapshotProposalDescriptionView.swift in Sources */,
				BA8451662A5376CB0088A6E6 /* SnapshotRankedChoiceVotingView.swift in Sources */,
				BAF651CE29B79F8200C78A8A /* DaoInfoScreenHeaderView.swift in Sources */,
				552885942A28EAE700ED2BCD /* OnboardingFollowDaosView.swift in Sources */,
				55458ACA2A4087E000739002 /* AddSubscriptionView.swift in Sources */,
				559025012A3DF6BE001B1770 /* Proposal.swift in Sources */,
				BAA8ED822A07293600316BFD /* SnapshotVotersView.swift in Sources */,
				5597E73D2A0A5C8800E2FAE4 /* APIService.swift in Sources */,
				BA2EA2012967610500FB87AC /* FilterButtonsView.swift in Sources */,
				5597E7402A0A5C8800E2FAE4 /* Endpoint.swift in Sources */,
				552885962A28EAE700ED2BCD /* FollowCategoryDaosListView.swift in Sources */,
				55B7B4222A5AC28700A894AD /* NotificationsManager.swift in Sources */,
				BA1EAD7B29F56881008D92E9 /* TreasuryStatusView.swift in Sources */,
				55143B542A56BDE8003103B1 /* ActiveSheetManager.swift in Sources */,
				BAF651FF29C8C1F300C78A8A /* Tracker.swift in Sources */,
				BAF6520329C8C61500C78A8A /* ConsoleTracker.swift in Sources */,
				BA2EA20D2968904C00FB87AC /* InboxEvent.swift in Sources */,
				55D632BB29505C600073E04A /* SearchView.swift in Sources */,
				BA57D21A295CB35400DB1963 /* ProposalListItemView.swift in Sources */,
				55D68FDF2A43251900A22657 /* Notifications.swift in Sources */,
				BA6B964B2A31056300851826 /* SearchProposalView.swift in Sources */,
				BA8451582A4CDC0F0088A6E6 /* SnapshotApprovalVotingView.swift in Sources */,
				BA2EA20429677F7C00FB87AC /* InboxDataSource.swift in Sources */,
				552885982A28EB1900ED2BCD /* Extentions.swift in Sources */,
				BA84514E2A48A9430088A6E6 /* DaoInfoAboutDaoView.swift in Sources */,
				BAF651C529B3EA0100C78A8A /* MailSendingView.swift in Sources */,
				BA1EAD7929F56624008D92E9 /* TreasuryListItemHeaderView.swift in Sources */,
				5521D27729EF145300A09FD4 /* ProposalStatusView.swift in Sources */,
				557C9D662A30ECCE001C4DEA /* DaoSearchListView.swift in Sources */,
				BA84515C2A4F59400088A6E6 /* SnapshotWeightedVotingView.swift in Sources */,
				5596F14E2A4F497100BD55C7 /* PrimaryButton.swift in Sources */,
				5528859A2A28EBF600ED2BCD /* RetryLoadingViews.swift in Sources */,
				5586BB8D2A3AFF6D00A6E316 /* DaoCardView.swift in Sources */,
				5596F1542A51969D00BD55C7 /* DeviceOrientationManager.swift in Sources */,
				552885952A28EAE700ED2BCD /* CategoryDaosDataSource.swift in Sources */,
				BA8451702A5B4CF90088A6E6 /* VoteWarningPopupView.swift in Sources */,
				5543011B2A4C83F000029BC3 /* MetricNumberFormatter.swift in Sources */,
				BAB4B9212A4487B400D24110 /* LottieIntroView.swift in Sources */,
				55B7B4402A5AE96900A894AD /* NotificationsStatus.swift in Sources */,
				BA6B96532A376CEF00851826 /* FollowButtonDataSource.swift in Sources */,
				BAA8ED802A06FF8900316BFD /* SnapshotBasicVotingResultView.swift in Sources */,
				BAD5225E2A279A950097068F /* TwitterSettingsView.swift in Sources */,
				BA6B96552A38B87300851826 /* Subscription.swift in Sources */,
				557177E92A3E3E1B0026B12A /* Utils.swift in Sources */,
				BA8451542A4A56010088A6E6 /* SnapshotSingleChoiceVotingResultView.swift in Sources */,
				5597E73E2A0A5C8800E2FAE4 /* NetworkManager.swift in Sources */,
				BA09B30C2A2A3B6600223049 /* SnapshotProposalView.swift in Sources */,
				BA84516C2A577A380088A6E6 /* PartnershipSettingView.swift in Sources */,
				BA50AB2F29FEE3CE00EC2AA6 /* ShimmerLoadingView.swift in Sources */,
				BA8451522A4A50050088A6E6 /* SnapshotSingleChoiceVotingView.swift in Sources */,
				BADB99D42A3DFF620098C0D3 /* SubscriptionsView.swift in Sources */,
				5586BB892A34C75500A6E316 /* AuthManager.swift in Sources */,
				BAF651D229C0F00000C78A8A /* RoundPictureView.swift in Sources */,
				55F143DD294B1DDA00D00B73 /* GoverlandApp.swift in Sources */,
				55D632C52950CB4A0073E04A /* TermsView.swift in Sources */,
				BA1EAD7329F32D65008D92E9 /* TreasuryListItemView.swift in Sources */,
				BA8451562A4B660C0088A6E6 /* SnapshotProposalInfoView.swift in Sources */,
				5521D26E29EF092A00A09FD4 /* Colors.swift in Sources */,
				55143B562A585AC8003103B1 /* Vote.swift in Sources */,
				BA50AB402A04086900EC2AA6 /* SnapshotBasicVotingView.swift in Sources */,
				BA8451732A5B97F40088A6E6 /* ProposalDataSource.swift in Sources */,
				BA5D8D3D2A2E62D900F76DB3 /* GroupedDaosView.swift in Sources */,
				5521D27929EF17C800A09FD4 /* InboxListItemFooterMenu.swift in Sources */,
				BA1EAD7D29F5796A008D92E9 /* TreasuryListItemContentView.swift in Sources */,
				5597E73B2A0A5C8800E2FAE4 /* ApiError.swift in Sources */,
				BAF651CC29B79E3700C78A8A /* DaoInfoView.swift in Sources */,
				BA2EA20F2968912B00FB87AC /* User.swift in Sources */,
				5533170229F16B290034AF66 /* Address.swift in Sources */,
				BA84514C2A4896C00088A6E6 /* DaoInfoDataSource.swift in Sources */,
			);
			runOnlyForDeploymentPostprocessing = 0;
		};
/* End PBXSourcesBuildPhase section */

/* Begin PBXTargetDependency section */
		554301252A4C897C00029BC3 /* PBXTargetDependency */ = {
			isa = PBXTargetDependency;
			target = 55F143D8294B1DDA00D00B73 /* Goverland */;
			targetProxy = 554301242A4C897C00029BC3 /* PBXContainerItemProxy */;
		};
		55B7B4392A5ADC5700A894AD /* PBXTargetDependency */ = {
			isa = PBXTargetDependency;
			target = 55B7B4322A5ADC5700A894AD /* NotificationServiceExtension */;
			targetProxy = 55B7B4382A5ADC5700A894AD /* PBXContainerItemProxy */;
		};
/* End PBXTargetDependency section */

/* Begin XCBuildConfiguration section */
		554301262A4C897C00029BC3 /* Dev */ = {
			isa = XCBuildConfiguration;
			buildSettings = {
				ALWAYS_SEARCH_USER_PATHS = NO;
				BUNDLE_LOADER = "$(TEST_HOST)";
				CLANG_ANALYZER_NONNULL = YES;
				CLANG_ANALYZER_NUMBER_OBJECT_CONVERSION = YES_AGGRESSIVE;
				CLANG_CXX_LANGUAGE_STANDARD = "gnu++20";
				CLANG_ENABLE_MODULES = YES;
				CLANG_ENABLE_OBJC_ARC = YES;
				CLANG_ENABLE_OBJC_WEAK = YES;
				CLANG_WARN_BLOCK_CAPTURE_AUTORELEASING = YES;
				CLANG_WARN_BOOL_CONVERSION = YES;
				CLANG_WARN_COMMA = YES;
				CLANG_WARN_CONSTANT_CONVERSION = YES;
				CLANG_WARN_DEPRECATED_OBJC_IMPLEMENTATIONS = YES;
				CLANG_WARN_DIRECT_OBJC_ISA_USAGE = YES_ERROR;
				CLANG_WARN_DOCUMENTATION_COMMENTS = YES;
				CLANG_WARN_EMPTY_BODY = YES;
				CLANG_WARN_ENUM_CONVERSION = YES;
				CLANG_WARN_INFINITE_RECURSION = YES;
				CLANG_WARN_INT_CONVERSION = YES;
				CLANG_WARN_NON_LITERAL_NULL_CONVERSION = YES;
				CLANG_WARN_OBJC_IMPLICIT_RETAIN_SELF = YES;
				CLANG_WARN_OBJC_LITERAL_CONVERSION = YES;
				CLANG_WARN_OBJC_ROOT_CLASS = YES_ERROR;
				CLANG_WARN_QUOTED_INCLUDE_IN_FRAMEWORK_HEADER = YES;
				CLANG_WARN_RANGE_LOOP_ANALYSIS = YES;
				CLANG_WARN_STRICT_PROTOTYPES = YES;
				CLANG_WARN_SUSPICIOUS_MOVE = YES;
				CLANG_WARN_UNGUARDED_AVAILABILITY = YES_AGGRESSIVE;
				CLANG_WARN_UNREACHABLE_CODE = YES;
				CLANG_WARN__DUPLICATE_METHOD_MATCH = YES;
				CODE_SIGN_STYLE = Automatic;
				COPY_PHASE_STRIP = NO;
				CURRENT_PROJECT_VERSION = 1;
				DEBUG_INFORMATION_FORMAT = dwarf;
				DEVELOPMENT_TEAM = QC33UJN2FK;
				ENABLE_STRICT_OBJC_MSGSEND = YES;
				ENABLE_TESTABILITY = NO;
				GCC_C_LANGUAGE_STANDARD = gnu11;
				GCC_DYNAMIC_NO_PIC = NO;
				GCC_NO_COMMON_BLOCKS = YES;
				GCC_OPTIMIZATION_LEVEL = 0;
				GCC_PREPROCESSOR_DEFINITIONS = (
					"DEBUG=1",
					"$(inherited)",
				);
				GCC_WARN_64_TO_32_BIT_CONVERSION = YES;
				GCC_WARN_ABOUT_RETURN_TYPE = YES_ERROR;
				GCC_WARN_UNDECLARED_SELECTOR = YES;
				GCC_WARN_UNINITIALIZED_AUTOS = YES_AGGRESSIVE;
				GCC_WARN_UNUSED_FUNCTION = YES;
				GCC_WARN_UNUSED_VARIABLE = YES;
				GENERATE_INFOPLIST_FILE = YES;
				IPHONEOS_DEPLOYMENT_TARGET = 16.4;
				MARKETING_VERSION = 1.0;
				MTL_ENABLE_DEBUG_INFO = INCLUDE_SOURCE;
				MTL_FAST_MATH = YES;
				ONLY_ACTIVE_ARCH = YES;
				PRODUCT_BUNDLE_IDENTIFIER = me.scherbovich.goverland.GoverlandTests;
				PRODUCT_NAME = "$(TARGET_NAME)";
				SDKROOT = iphoneos;
				SWIFT_ACTIVE_COMPILATION_CONDITIONS = DEBUG;
				SWIFT_EMIT_LOC_STRINGS = NO;
				SWIFT_OPTIMIZATION_LEVEL = "-Onone";
				SWIFT_VERSION = 5.0;
				TARGETED_DEVICE_FAMILY = "1,2";
				TEST_HOST = "$(BUILT_PRODUCTS_DIR)/Goverland.app/$(BUNDLE_EXECUTABLE_FOLDER_PATH)/Goverland";
			};
			name = Dev;
		};
		554301272A4C897C00029BC3 /* Prod */ = {
			isa = XCBuildConfiguration;
			buildSettings = {
				ALWAYS_SEARCH_USER_PATHS = NO;
				BUNDLE_LOADER = "$(TEST_HOST)";
				CLANG_ANALYZER_NONNULL = YES;
				CLANG_ANALYZER_NUMBER_OBJECT_CONVERSION = YES_AGGRESSIVE;
				CLANG_CXX_LANGUAGE_STANDARD = "gnu++20";
				CLANG_ENABLE_MODULES = YES;
				CLANG_ENABLE_OBJC_ARC = YES;
				CLANG_ENABLE_OBJC_WEAK = YES;
				CLANG_WARN_BLOCK_CAPTURE_AUTORELEASING = YES;
				CLANG_WARN_BOOL_CONVERSION = YES;
				CLANG_WARN_COMMA = YES;
				CLANG_WARN_CONSTANT_CONVERSION = YES;
				CLANG_WARN_DEPRECATED_OBJC_IMPLEMENTATIONS = YES;
				CLANG_WARN_DIRECT_OBJC_ISA_USAGE = YES_ERROR;
				CLANG_WARN_DOCUMENTATION_COMMENTS = YES;
				CLANG_WARN_EMPTY_BODY = YES;
				CLANG_WARN_ENUM_CONVERSION = YES;
				CLANG_WARN_INFINITE_RECURSION = YES;
				CLANG_WARN_INT_CONVERSION = YES;
				CLANG_WARN_NON_LITERAL_NULL_CONVERSION = YES;
				CLANG_WARN_OBJC_IMPLICIT_RETAIN_SELF = YES;
				CLANG_WARN_OBJC_LITERAL_CONVERSION = YES;
				CLANG_WARN_OBJC_ROOT_CLASS = YES_ERROR;
				CLANG_WARN_QUOTED_INCLUDE_IN_FRAMEWORK_HEADER = YES;
				CLANG_WARN_RANGE_LOOP_ANALYSIS = YES;
				CLANG_WARN_STRICT_PROTOTYPES = YES;
				CLANG_WARN_SUSPICIOUS_MOVE = YES;
				CLANG_WARN_UNGUARDED_AVAILABILITY = YES_AGGRESSIVE;
				CLANG_WARN_UNREACHABLE_CODE = YES;
				CLANG_WARN__DUPLICATE_METHOD_MATCH = YES;
				CODE_SIGN_STYLE = Automatic;
				COPY_PHASE_STRIP = NO;
				CURRENT_PROJECT_VERSION = 1;
				DEBUG_INFORMATION_FORMAT = "dwarf-with-dsym";
				DEVELOPMENT_TEAM = QC33UJN2FK;
				ENABLE_NS_ASSERTIONS = NO;
				ENABLE_STRICT_OBJC_MSGSEND = YES;
				GCC_C_LANGUAGE_STANDARD = gnu11;
				GCC_NO_COMMON_BLOCKS = YES;
				GCC_WARN_64_TO_32_BIT_CONVERSION = YES;
				GCC_WARN_ABOUT_RETURN_TYPE = YES_ERROR;
				GCC_WARN_UNDECLARED_SELECTOR = YES;
				GCC_WARN_UNINITIALIZED_AUTOS = YES_AGGRESSIVE;
				GCC_WARN_UNUSED_FUNCTION = YES;
				GCC_WARN_UNUSED_VARIABLE = YES;
				GENERATE_INFOPLIST_FILE = YES;
				IPHONEOS_DEPLOYMENT_TARGET = 16.4;
				MARKETING_VERSION = 1.0;
				MTL_ENABLE_DEBUG_INFO = NO;
				MTL_FAST_MATH = YES;
				PRODUCT_BUNDLE_IDENTIFIER = me.scherbovich.goverland.GoverlandTests;
				PRODUCT_NAME = "$(TARGET_NAME)";
				SDKROOT = iphoneos;
				SWIFT_COMPILATION_MODE = wholemodule;
				SWIFT_EMIT_LOC_STRINGS = NO;
				SWIFT_OPTIMIZATION_LEVEL = "-O";
				SWIFT_VERSION = 5.0;
				TARGETED_DEVICE_FAMILY = "1,2";
				TEST_HOST = "$(BUILT_PRODUCTS_DIR)/Goverland.app/$(BUNDLE_EXECUTABLE_FOLDER_PATH)/Goverland";
				VALIDATE_PRODUCT = YES;
			};
			name = Prod;
		};
		55B7B43C2A5ADC5800A894AD /* Dev */ = {
			isa = XCBuildConfiguration;
			buildSettings = {
				ALWAYS_SEARCH_USER_PATHS = NO;
				CLANG_ANALYZER_NONNULL = YES;
				CLANG_ANALYZER_NUMBER_OBJECT_CONVERSION = YES_AGGRESSIVE;
				CLANG_CXX_LANGUAGE_STANDARD = "gnu++20";
				CLANG_ENABLE_MODULES = YES;
				CLANG_ENABLE_OBJC_ARC = YES;
				CLANG_ENABLE_OBJC_WEAK = YES;
				CLANG_WARN_BLOCK_CAPTURE_AUTORELEASING = YES;
				CLANG_WARN_BOOL_CONVERSION = YES;
				CLANG_WARN_COMMA = YES;
				CLANG_WARN_CONSTANT_CONVERSION = YES;
				CLANG_WARN_DEPRECATED_OBJC_IMPLEMENTATIONS = YES;
				CLANG_WARN_DIRECT_OBJC_ISA_USAGE = YES_ERROR;
				CLANG_WARN_DOCUMENTATION_COMMENTS = YES;
				CLANG_WARN_EMPTY_BODY = YES;
				CLANG_WARN_ENUM_CONVERSION = YES;
				CLANG_WARN_INFINITE_RECURSION = YES;
				CLANG_WARN_INT_CONVERSION = YES;
				CLANG_WARN_NON_LITERAL_NULL_CONVERSION = YES;
				CLANG_WARN_OBJC_IMPLICIT_RETAIN_SELF = YES;
				CLANG_WARN_OBJC_LITERAL_CONVERSION = YES;
				CLANG_WARN_OBJC_ROOT_CLASS = YES_ERROR;
				CLANG_WARN_QUOTED_INCLUDE_IN_FRAMEWORK_HEADER = YES;
				CLANG_WARN_RANGE_LOOP_ANALYSIS = YES;
				CLANG_WARN_STRICT_PROTOTYPES = YES;
				CLANG_WARN_SUSPICIOUS_MOVE = YES;
				CLANG_WARN_UNGUARDED_AVAILABILITY = YES_AGGRESSIVE;
				CLANG_WARN_UNREACHABLE_CODE = YES;
				CLANG_WARN__DUPLICATE_METHOD_MATCH = YES;
				CODE_SIGN_STYLE = Automatic;
				COPY_PHASE_STRIP = NO;
				CURRENT_PROJECT_VERSION = 1;
				DEBUG_INFORMATION_FORMAT = dwarf;
				DEVELOPMENT_TEAM = QC33UJN2FK;
				ENABLE_STRICT_OBJC_MSGSEND = YES;
				ENABLE_TESTABILITY = YES;
				GCC_C_LANGUAGE_STANDARD = gnu11;
				GCC_DYNAMIC_NO_PIC = NO;
				GCC_NO_COMMON_BLOCKS = YES;
				GCC_OPTIMIZATION_LEVEL = 0;
				GCC_PREPROCESSOR_DEFINITIONS = (
					"DEBUG=1",
					"$(inherited)",
				);
				GCC_WARN_64_TO_32_BIT_CONVERSION = YES;
				GCC_WARN_ABOUT_RETURN_TYPE = YES_ERROR;
				GCC_WARN_UNDECLARED_SELECTOR = YES;
				GCC_WARN_UNINITIALIZED_AUTOS = YES_AGGRESSIVE;
				GCC_WARN_UNUSED_FUNCTION = YES;
				GCC_WARN_UNUSED_VARIABLE = YES;
				GENERATE_INFOPLIST_FILE = YES;
				INFOPLIST_FILE = NotificationServiceExtension/Info.plist;
				INFOPLIST_KEY_CFBundleDisplayName = NotificationServiceExtension;
				INFOPLIST_KEY_NSHumanReadableCopyright = "";
				IPHONEOS_DEPLOYMENT_TARGET = 16.4;
				LD_RUNPATH_SEARCH_PATHS = (
					"$(inherited)",
					"@executable_path/Frameworks",
					"@executable_path/../../Frameworks",
				);
				MARKETING_VERSION = 0.1;
				MTL_ENABLE_DEBUG_INFO = INCLUDE_SOURCE;
				MTL_FAST_MATH = YES;
				ONLY_ACTIVE_ARCH = YES;
				PRODUCT_BUNDLE_IDENTIFIER = me.scherbovich.goverland.NotificationServiceExtension;
				PRODUCT_NAME = "$(TARGET_NAME)";
				SDKROOT = iphoneos;
				SKIP_INSTALL = YES;
				SWIFT_ACTIVE_COMPILATION_CONDITIONS = DEBUG;
				SWIFT_EMIT_LOC_STRINGS = YES;
				SWIFT_OPTIMIZATION_LEVEL = "-Onone";
				SWIFT_VERSION = 5.0;
				TARGETED_DEVICE_FAMILY = "1,2";
			};
			name = Dev;
		};
		55B7B43D2A5ADC5800A894AD /* Prod */ = {
			isa = XCBuildConfiguration;
			buildSettings = {
				ALWAYS_SEARCH_USER_PATHS = NO;
				CLANG_ANALYZER_NONNULL = YES;
				CLANG_ANALYZER_NUMBER_OBJECT_CONVERSION = YES_AGGRESSIVE;
				CLANG_CXX_LANGUAGE_STANDARD = "gnu++20";
				CLANG_ENABLE_MODULES = YES;
				CLANG_ENABLE_OBJC_ARC = YES;
				CLANG_ENABLE_OBJC_WEAK = YES;
				CLANG_WARN_BLOCK_CAPTURE_AUTORELEASING = YES;
				CLANG_WARN_BOOL_CONVERSION = YES;
				CLANG_WARN_COMMA = YES;
				CLANG_WARN_CONSTANT_CONVERSION = YES;
				CLANG_WARN_DEPRECATED_OBJC_IMPLEMENTATIONS = YES;
				CLANG_WARN_DIRECT_OBJC_ISA_USAGE = YES_ERROR;
				CLANG_WARN_DOCUMENTATION_COMMENTS = YES;
				CLANG_WARN_EMPTY_BODY = YES;
				CLANG_WARN_ENUM_CONVERSION = YES;
				CLANG_WARN_INFINITE_RECURSION = YES;
				CLANG_WARN_INT_CONVERSION = YES;
				CLANG_WARN_NON_LITERAL_NULL_CONVERSION = YES;
				CLANG_WARN_OBJC_IMPLICIT_RETAIN_SELF = YES;
				CLANG_WARN_OBJC_LITERAL_CONVERSION = YES;
				CLANG_WARN_OBJC_ROOT_CLASS = YES_ERROR;
				CLANG_WARN_QUOTED_INCLUDE_IN_FRAMEWORK_HEADER = YES;
				CLANG_WARN_RANGE_LOOP_ANALYSIS = YES;
				CLANG_WARN_STRICT_PROTOTYPES = YES;
				CLANG_WARN_SUSPICIOUS_MOVE = YES;
				CLANG_WARN_UNGUARDED_AVAILABILITY = YES_AGGRESSIVE;
				CLANG_WARN_UNREACHABLE_CODE = YES;
				CLANG_WARN__DUPLICATE_METHOD_MATCH = YES;
				CODE_SIGN_IDENTITY = "Apple Development";
				CODE_SIGN_STYLE = Automatic;
				COPY_PHASE_STRIP = NO;
				CURRENT_PROJECT_VERSION = 1;
				DEBUG_INFORMATION_FORMAT = "dwarf-with-dsym";
				DEVELOPMENT_TEAM = QC33UJN2FK;
				ENABLE_NS_ASSERTIONS = NO;
				ENABLE_STRICT_OBJC_MSGSEND = YES;
				GCC_C_LANGUAGE_STANDARD = gnu11;
				GCC_NO_COMMON_BLOCKS = YES;
				GCC_WARN_64_TO_32_BIT_CONVERSION = YES;
				GCC_WARN_ABOUT_RETURN_TYPE = YES_ERROR;
				GCC_WARN_UNDECLARED_SELECTOR = YES;
				GCC_WARN_UNINITIALIZED_AUTOS = YES_AGGRESSIVE;
				GCC_WARN_UNUSED_FUNCTION = YES;
				GCC_WARN_UNUSED_VARIABLE = YES;
				GENERATE_INFOPLIST_FILE = YES;
				INFOPLIST_FILE = NotificationServiceExtension/Info.plist;
				INFOPLIST_KEY_CFBundleDisplayName = NotificationServiceExtension;
				INFOPLIST_KEY_NSHumanReadableCopyright = "";
				IPHONEOS_DEPLOYMENT_TARGET = 16.4;
				LD_RUNPATH_SEARCH_PATHS = (
					"$(inherited)",
					"@executable_path/Frameworks",
					"@executable_path/../../Frameworks",
				);
				MARKETING_VERSION = 0.1;
				MTL_ENABLE_DEBUG_INFO = NO;
				MTL_FAST_MATH = YES;
				PRODUCT_BUNDLE_IDENTIFIER = me.scherbovich.goverland.NotificationServiceExtension;
				PRODUCT_NAME = "$(TARGET_NAME)";
				SDKROOT = iphoneos;
				SKIP_INSTALL = YES;
				SWIFT_COMPILATION_MODE = wholemodule;
				SWIFT_EMIT_LOC_STRINGS = YES;
				SWIFT_OPTIMIZATION_LEVEL = "-O";
				SWIFT_VERSION = 5.0;
				TARGETED_DEVICE_FAMILY = "1,2";
				VALIDATE_PRODUCT = YES;
			};
			name = Prod;
		};
		55F143FB294B1DDD00D00B73 /* Dev */ = {
			isa = XCBuildConfiguration;
			buildSettings = {
				ALWAYS_SEARCH_USER_PATHS = NO;
				CLANG_ANALYZER_NONNULL = YES;
				CLANG_ANALYZER_NUMBER_OBJECT_CONVERSION = YES_AGGRESSIVE;
				CLANG_CXX_LANGUAGE_STANDARD = "gnu++20";
				CLANG_ENABLE_MODULES = YES;
				CLANG_ENABLE_OBJC_ARC = YES;
				CLANG_ENABLE_OBJC_WEAK = YES;
				CLANG_WARN_BLOCK_CAPTURE_AUTORELEASING = YES;
				CLANG_WARN_BOOL_CONVERSION = YES;
				CLANG_WARN_COMMA = YES;
				CLANG_WARN_CONSTANT_CONVERSION = YES;
				CLANG_WARN_DEPRECATED_OBJC_IMPLEMENTATIONS = YES;
				CLANG_WARN_DIRECT_OBJC_ISA_USAGE = YES_ERROR;
				CLANG_WARN_DOCUMENTATION_COMMENTS = YES;
				CLANG_WARN_EMPTY_BODY = YES;
				CLANG_WARN_ENUM_CONVERSION = YES;
				CLANG_WARN_INFINITE_RECURSION = YES;
				CLANG_WARN_INT_CONVERSION = YES;
				CLANG_WARN_NON_LITERAL_NULL_CONVERSION = YES;
				CLANG_WARN_OBJC_IMPLICIT_RETAIN_SELF = YES;
				CLANG_WARN_OBJC_LITERAL_CONVERSION = YES;
				CLANG_WARN_OBJC_ROOT_CLASS = YES_ERROR;
				CLANG_WARN_QUOTED_INCLUDE_IN_FRAMEWORK_HEADER = YES;
				CLANG_WARN_RANGE_LOOP_ANALYSIS = YES;
				CLANG_WARN_STRICT_PROTOTYPES = YES;
				CLANG_WARN_SUSPICIOUS_MOVE = YES;
				CLANG_WARN_UNGUARDED_AVAILABILITY = YES_AGGRESSIVE;
				CLANG_WARN_UNREACHABLE_CODE = YES;
				CLANG_WARN__DUPLICATE_METHOD_MATCH = YES;
				COPY_PHASE_STRIP = NO;
				DEBUG_INFORMATION_FORMAT = dwarf;
				ENABLE_STRICT_OBJC_MSGSEND = YES;
				ENABLE_TESTABILITY = YES;
				GCC_C_LANGUAGE_STANDARD = gnu11;
				GCC_DYNAMIC_NO_PIC = NO;
				GCC_NO_COMMON_BLOCKS = YES;
				GCC_OPTIMIZATION_LEVEL = 0;
				GCC_PREPROCESSOR_DEFINITIONS = (
					"DEBUG=1",
					"$(inherited)",
				);
				GCC_WARN_64_TO_32_BIT_CONVERSION = YES;
				GCC_WARN_ABOUT_RETURN_TYPE = YES_ERROR;
				GCC_WARN_UNDECLARED_SELECTOR = YES;
				GCC_WARN_UNINITIALIZED_AUTOS = YES_AGGRESSIVE;
				GCC_WARN_UNUSED_FUNCTION = YES;
				GCC_WARN_UNUSED_VARIABLE = YES;
				IPHONEOS_DEPLOYMENT_TARGET = 16.0;
				MTL_ENABLE_DEBUG_INFO = INCLUDE_SOURCE;
				MTL_FAST_MATH = YES;
				ONLY_ACTIVE_ARCH = YES;
				OTHER_SWIFT_FLAGS = "-D DEV";
				SDKROOT = iphoneos;
				SWIFT_ACTIVE_COMPILATION_CONDITIONS = DEBUG;
				SWIFT_OPTIMIZATION_LEVEL = "-Onone";
			};
			name = Dev;
		};
		55F143FC294B1DDD00D00B73 /* Prod */ = {
			isa = XCBuildConfiguration;
			buildSettings = {
				ALWAYS_SEARCH_USER_PATHS = NO;
				CLANG_ANALYZER_NONNULL = YES;
				CLANG_ANALYZER_NUMBER_OBJECT_CONVERSION = YES_AGGRESSIVE;
				CLANG_CXX_LANGUAGE_STANDARD = "gnu++20";
				CLANG_ENABLE_MODULES = YES;
				CLANG_ENABLE_OBJC_ARC = YES;
				CLANG_ENABLE_OBJC_WEAK = YES;
				CLANG_WARN_BLOCK_CAPTURE_AUTORELEASING = YES;
				CLANG_WARN_BOOL_CONVERSION = YES;
				CLANG_WARN_COMMA = YES;
				CLANG_WARN_CONSTANT_CONVERSION = YES;
				CLANG_WARN_DEPRECATED_OBJC_IMPLEMENTATIONS = YES;
				CLANG_WARN_DIRECT_OBJC_ISA_USAGE = YES_ERROR;
				CLANG_WARN_DOCUMENTATION_COMMENTS = YES;
				CLANG_WARN_EMPTY_BODY = YES;
				CLANG_WARN_ENUM_CONVERSION = YES;
				CLANG_WARN_INFINITE_RECURSION = YES;
				CLANG_WARN_INT_CONVERSION = YES;
				CLANG_WARN_NON_LITERAL_NULL_CONVERSION = YES;
				CLANG_WARN_OBJC_IMPLICIT_RETAIN_SELF = YES;
				CLANG_WARN_OBJC_LITERAL_CONVERSION = YES;
				CLANG_WARN_OBJC_ROOT_CLASS = YES_ERROR;
				CLANG_WARN_QUOTED_INCLUDE_IN_FRAMEWORK_HEADER = YES;
				CLANG_WARN_RANGE_LOOP_ANALYSIS = YES;
				CLANG_WARN_STRICT_PROTOTYPES = YES;
				CLANG_WARN_SUSPICIOUS_MOVE = YES;
				CLANG_WARN_UNGUARDED_AVAILABILITY = YES_AGGRESSIVE;
				CLANG_WARN_UNREACHABLE_CODE = YES;
				CLANG_WARN__DUPLICATE_METHOD_MATCH = YES;
				COPY_PHASE_STRIP = NO;
				DEBUG_INFORMATION_FORMAT = "dwarf-with-dsym";
				ENABLE_NS_ASSERTIONS = NO;
				ENABLE_STRICT_OBJC_MSGSEND = YES;
				GCC_C_LANGUAGE_STANDARD = gnu11;
				GCC_NO_COMMON_BLOCKS = YES;
				GCC_WARN_64_TO_32_BIT_CONVERSION = YES;
				GCC_WARN_ABOUT_RETURN_TYPE = YES_ERROR;
				GCC_WARN_UNDECLARED_SELECTOR = YES;
				GCC_WARN_UNINITIALIZED_AUTOS = YES_AGGRESSIVE;
				GCC_WARN_UNUSED_FUNCTION = YES;
				GCC_WARN_UNUSED_VARIABLE = YES;
				IPHONEOS_DEPLOYMENT_TARGET = 16.0;
				MTL_ENABLE_DEBUG_INFO = NO;
				MTL_FAST_MATH = YES;
				OTHER_SWIFT_FLAGS = "-D PROD";
				SDKROOT = iphoneos;
				SWIFT_COMPILATION_MODE = wholemodule;
				SWIFT_OPTIMIZATION_LEVEL = "-O";
				VALIDATE_PRODUCT = YES;
			};
			name = Prod;
		};
		55F143FE294B1DDD00D00B73 /* Dev */ = {
			isa = XCBuildConfiguration;
			buildSettings = {
				ALWAYS_EMBED_SWIFT_STANDARD_LIBRARIES = YES;
				ASSETCATALOG_COMPILER_APPICON_NAME = AppIcon;
				ASSETCATALOG_COMPILER_GLOBAL_ACCENT_COLOR_NAME = AccentColor;
				CODE_SIGN_ENTITLEMENTS = Goverland/Goverland.entitlements;
				CODE_SIGN_STYLE = Automatic;
				CURRENT_PROJECT_VERSION = 1;
				DEAD_CODE_STRIPPING = YES;
				DEVELOPMENT_ASSET_PATHS = "\"Goverland/Preview Content\"";
				DEVELOPMENT_TEAM = QC33UJN2FK;
				ENABLE_PREVIEWS = YES;
				GENERATE_INFOPLIST_FILE = YES;
				INFOPLIST_FILE = Goverland/Info.plist;
				INFOPLIST_KEY_CFBundleDisplayName = Goverland;
				INFOPLIST_KEY_LSApplicationCategoryType = "public.app-category.finance";
				INFOPLIST_KEY_UIApplicationSceneManifest_Generation = YES;
				INFOPLIST_KEY_UIApplicationSupportsIndirectInputEvents = YES;
				INFOPLIST_KEY_UILaunchScreen_Generation = YES;
				INFOPLIST_KEY_UILaunchStoryboardName = IntroLoadingView.storyboard;
				INFOPLIST_KEY_UISupportedInterfaceOrientations_iPad = "UIInterfaceOrientationPortrait UIInterfaceOrientationPortraitUpsideDown UIInterfaceOrientationLandscapeLeft UIInterfaceOrientationLandscapeRight";
				INFOPLIST_KEY_UISupportedInterfaceOrientations_iPhone = "UIInterfaceOrientationPortrait UIInterfaceOrientationLandscapeLeft UIInterfaceOrientationLandscapeRight";
				IPHONEOS_DEPLOYMENT_TARGET = 16.0;
				LD_RUNPATH_SEARCH_PATHS = (
					"$(inherited)",
					"@executable_path/Frameworks",
				);
				MARKETING_VERSION = 0.1;
				PRODUCT_BUNDLE_IDENTIFIER = me.scherbovich.goverland;
				PRODUCT_NAME = "$(TARGET_NAME)";
				SWIFT_EMIT_LOC_STRINGS = YES;
				SWIFT_VERSION = 5.0;
				TARGETED_DEVICE_FAMILY = "1,2";
			};
			name = Dev;
		};
		55F143FF294B1DDD00D00B73 /* Prod */ = {
			isa = XCBuildConfiguration;
			buildSettings = {
				ALWAYS_EMBED_SWIFT_STANDARD_LIBRARIES = YES;
				ASSETCATALOG_COMPILER_APPICON_NAME = AppIcon;
				ASSETCATALOG_COMPILER_GLOBAL_ACCENT_COLOR_NAME = AccentColor;
				CODE_SIGN_ENTITLEMENTS = Goverland/Goverland.entitlements;
				CODE_SIGN_IDENTITY = "Apple Development";
				CODE_SIGN_STYLE = Automatic;
				CURRENT_PROJECT_VERSION = 1;
				DEAD_CODE_STRIPPING = YES;
				DEVELOPMENT_ASSET_PATHS = "\"Goverland/Preview Content\"";
				DEVELOPMENT_TEAM = QC33UJN2FK;
				ENABLE_PREVIEWS = YES;
				GENERATE_INFOPLIST_FILE = YES;
				INFOPLIST_FILE = Goverland/Info.plist;
				INFOPLIST_KEY_CFBundleDisplayName = Goverland;
				INFOPLIST_KEY_LSApplicationCategoryType = "public.app-category.finance";
				INFOPLIST_KEY_UIApplicationSceneManifest_Generation = YES;
				INFOPLIST_KEY_UIApplicationSupportsIndirectInputEvents = YES;
				INFOPLIST_KEY_UILaunchScreen_Generation = YES;
				INFOPLIST_KEY_UILaunchStoryboardName = IntroLoadingView.storyboard;
				INFOPLIST_KEY_UISupportedInterfaceOrientations_iPad = "UIInterfaceOrientationPortrait UIInterfaceOrientationPortraitUpsideDown UIInterfaceOrientationLandscapeLeft UIInterfaceOrientationLandscapeRight";
				INFOPLIST_KEY_UISupportedInterfaceOrientations_iPhone = "UIInterfaceOrientationPortrait UIInterfaceOrientationLandscapeLeft UIInterfaceOrientationLandscapeRight";
				IPHONEOS_DEPLOYMENT_TARGET = 16.0;
				LD_RUNPATH_SEARCH_PATHS = (
					"$(inherited)",
					"@executable_path/Frameworks",
				);
				MARKETING_VERSION = 0.1;
				PRODUCT_BUNDLE_IDENTIFIER = me.scherbovich.goverland;
				PRODUCT_NAME = "$(TARGET_NAME)";
				PROVISIONING_PROFILE_SPECIFIER = "";
				SWIFT_EMIT_LOC_STRINGS = YES;
				SWIFT_VERSION = 5.0;
				TARGETED_DEVICE_FAMILY = "1,2";
			};
			name = Prod;
		};
/* End XCBuildConfiguration section */

/* Begin XCConfigurationList section */
		554301282A4C897C00029BC3 /* Build configuration list for PBXNativeTarget "GoverlandTests" */ = {
			isa = XCConfigurationList;
			buildConfigurations = (
				554301262A4C897C00029BC3 /* Dev */,
				554301272A4C897C00029BC3 /* Prod */,
			);
			defaultConfigurationIsVisible = 0;
			defaultConfigurationName = Prod;
		};
		55B7B43B2A5ADC5800A894AD /* Build configuration list for PBXNativeTarget "NotificationServiceExtension" */ = {
			isa = XCConfigurationList;
			buildConfigurations = (
				55B7B43C2A5ADC5800A894AD /* Dev */,
				55B7B43D2A5ADC5800A894AD /* Prod */,
			);
			defaultConfigurationIsVisible = 0;
			defaultConfigurationName = Prod;
		};
		55F143D4294B1DDA00D00B73 /* Build configuration list for PBXProject "Goverland" */ = {
			isa = XCConfigurationList;
			buildConfigurations = (
				55F143FB294B1DDD00D00B73 /* Dev */,
				55F143FC294B1DDD00D00B73 /* Prod */,
			);
			defaultConfigurationIsVisible = 0;
			defaultConfigurationName = Prod;
		};
		55F143FD294B1DDD00D00B73 /* Build configuration list for PBXNativeTarget "Goverland" */ = {
			isa = XCConfigurationList;
			buildConfigurations = (
				55F143FE294B1DDD00D00B73 /* Dev */,
				55F143FF294B1DDD00D00B73 /* Prod */,
			);
			defaultConfigurationIsVisible = 0;
			defaultConfigurationName = Prod;
		};
/* End XCConfigurationList section */

/* Begin XCRemoteSwiftPackageReference section */
		553316FC29F162FF0034AF66 /* XCRemoteSwiftPackageReference "BlockiesSwift" */ = {
			isa = XCRemoteSwiftPackageReference;
			repositoryURL = "https://github.com/goverland-labs/BlockiesSwift";
			requirement = {
				branch = "0.1.2-gnosis";
				kind = branch;
			};
		};
		55B7B4252A5ACA0B00A894AD /* XCRemoteSwiftPackageReference "firebase-ios-sdk" */ = {
			isa = XCRemoteSwiftPackageReference;
			repositoryURL = "https://github.com/firebase/firebase-ios-sdk";
			requirement = {
				kind = upToNextMajorVersion;
				minimumVersion = 10.0.0;
			};
		};
		55DDE8C02A46367F006DA335 /* XCRemoteSwiftPackageReference "swift-markdown-ui" */ = {
			isa = XCRemoteSwiftPackageReference;
			repositoryURL = "https://github.com/gonzalezreal/swift-markdown-ui.git";
			requirement = {
				kind = upToNextMajorVersion;
				minimumVersion = 2.0.0;
			};
		};
		BA27EA5F29DE0F0F00AA5055 /* XCRemoteSwiftPackageReference "Kingfisher" */ = {
			isa = XCRemoteSwiftPackageReference;
			repositoryURL = "https://github.com/onevcat/Kingfisher";
			requirement = {
				kind = upToNextMinorVersion;
				minimumVersion = 7.6.0;
			};
		};
		BAA6C2F2295CF5E000C848D8 /* XCRemoteSwiftPackageReference "SwiftDate" */ = {
			isa = XCRemoteSwiftPackageReference;
			repositoryURL = "https://github.com/malcommac/SwiftDate.git";
			requirement = {
				kind = upToNextMajorVersion;
				minimumVersion = 7.0.0;
			};
		};
		BAB4B91D2A44864000D24110 /* XCRemoteSwiftPackageReference "lottie-ios" */ = {
			isa = XCRemoteSwiftPackageReference;
			repositoryURL = "https://github.com/airbnb/lottie-ios";
			requirement = {
				kind = upToNextMajorVersion;
				minimumVersion = 4.0.0;
			};
		};
/* End XCRemoteSwiftPackageReference section */

/* Begin XCSwiftPackageProductDependency section */
		553316FD29F162FF0034AF66 /* BlockiesSwift */ = {
			isa = XCSwiftPackageProductDependency;
			package = 553316FC29F162FF0034AF66 /* XCRemoteSwiftPackageReference "BlockiesSwift" */;
			productName = BlockiesSwift;
		};
		55B7B4262A5ACA0B00A894AD /* FirebaseAnalyticsWithoutAdIdSupport */ = {
			isa = XCSwiftPackageProductDependency;
			package = 55B7B4252A5ACA0B00A894AD /* XCRemoteSwiftPackageReference "firebase-ios-sdk" */;
			productName = FirebaseAnalyticsWithoutAdIdSupport;
		};
		55B7B4282A5ACA0B00A894AD /* FirebaseCrashlytics */ = {
			isa = XCSwiftPackageProductDependency;
			package = 55B7B4252A5ACA0B00A894AD /* XCRemoteSwiftPackageReference "firebase-ios-sdk" */;
			productName = FirebaseCrashlytics;
		};
		55B7B42B2A5ACD6400A894AD /* FirebaseMessaging */ = {
			isa = XCSwiftPackageProductDependency;
			package = 55B7B4252A5ACA0B00A894AD /* XCRemoteSwiftPackageReference "firebase-ios-sdk" */;
			productName = FirebaseMessaging;
		};
		55DDE8C12A46367F006DA335 /* MarkdownUI */ = {
			isa = XCSwiftPackageProductDependency;
			package = 55DDE8C02A46367F006DA335 /* XCRemoteSwiftPackageReference "swift-markdown-ui" */;
			productName = MarkdownUI;
		};
		BA27EA6029DE0F0F00AA5055 /* Kingfisher */ = {
			isa = XCSwiftPackageProductDependency;
			package = BA27EA5F29DE0F0F00AA5055 /* XCRemoteSwiftPackageReference "Kingfisher" */;
			productName = Kingfisher;
		};
		BAA6C2F3295CF5E000C848D8 /* SwiftDate */ = {
			isa = XCSwiftPackageProductDependency;
			package = BAA6C2F2295CF5E000C848D8 /* XCRemoteSwiftPackageReference "SwiftDate" */;
			productName = SwiftDate;
		};
		BAB4B91E2A44864100D24110 /* Lottie */ = {
			isa = XCSwiftPackageProductDependency;
			package = BAB4B91D2A44864000D24110 /* XCRemoteSwiftPackageReference "lottie-ios" */;
			productName = Lottie;
		};
/* End XCSwiftPackageProductDependency section */
	};
	rootObject = 55F143D1294B1DDA00D00B73 /* Project object */;
}
