// !$*UTF8*$!
{
	archiveVersion = 1;
	classes = {
	};
	objectVersion = 56;
	objects = {

/* Begin PBXBuildFile section */
		5521D26E29EF092A00A09FD4 /* Colors.swift in Sources */ = {isa = PBXBuildFile; fileRef = 5521D26D29EF092900A09FD4 /* Colors.swift */; };
		5521D27329EF0EA200A09FD4 /* IdentityView.swift in Sources */ = {isa = PBXBuildFile; fileRef = 5521D27229EF0EA200A09FD4 /* IdentityView.swift */; };
		5521D27529EF137C00A09FD4 /* DateView.swift in Sources */ = {isa = PBXBuildFile; fileRef = 5521D27429EF137C00A09FD4 /* DateView.swift */; };
		5521D27729EF145300A09FD4 /* ProposalStatusView.swift in Sources */ = {isa = PBXBuildFile; fileRef = 5521D27629EF145300A09FD4 /* ProposalStatusView.swift */; };
		5521D27929EF17C800A09FD4 /* InboxListItemFooterMenu.swift in Sources */ = {isa = PBXBuildFile; fileRef = 5521D27829EF17C800A09FD4 /* InboxListItemFooterMenu.swift */; };
		552885942A28EAE700ED2BCD /* OnboardingFollowDaosView.swift in Sources */ = {isa = PBXBuildFile; fileRef = 552885912A28EAE600ED2BCD /* OnboardingFollowDaosView.swift */; };
		552885952A28EAE700ED2BCD /* CategoryDaosDataSource.swift in Sources */ = {isa = PBXBuildFile; fileRef = 552885922A28EAE700ED2BCD /* CategoryDaosDataSource.swift */; };
		552885962A28EAE700ED2BCD /* FollowCategoryDaosListView.swift in Sources */ = {isa = PBXBuildFile; fileRef = 552885932A28EAE700ED2BCD /* FollowCategoryDaosListView.swift */; };
		552885982A28EB1900ED2BCD /* Extentions.swift in Sources */ = {isa = PBXBuildFile; fileRef = 552885972A28EB1900ED2BCD /* Extentions.swift */; };
		5528859A2A28EBF600ED2BCD /* RetryInitialLoadingView.swift in Sources */ = {isa = PBXBuildFile; fileRef = 552885992A28EBF600ED2BCD /* RetryInitialLoadingView.swift */; };
		553316FE29F162FF0034AF66 /* BlockiesSwift in Frameworks */ = {isa = PBXBuildFile; productRef = 553316FD29F162FF0034AF66 /* BlockiesSwift */; };
		5533170229F16B290034AF66 /* Address.swift in Sources */ = {isa = PBXBuildFile; fileRef = 5533170129F16B290034AF66 /* Address.swift */; };
		555310EC299F732500AB7557 /* EnablePushNotificationsView.swift in Sources */ = {isa = PBXBuildFile; fileRef = 555310EA299F732500AB7557 /* EnablePushNotificationsView.swift */; };
		557177E92A3E3E1B0026B12A /* Utils.swift in Sources */ = {isa = PBXBuildFile; fileRef = 557177E82A3E3E1B0026B12A /* Utils.swift */; };
		557C9D662A30ECCE001C4DEA /* DaoSearchListView.swift in Sources */ = {isa = PBXBuildFile; fileRef = 557C9D652A30ECCE001C4DEA /* DaoSearchListView.swift */; };
		557FD1262A25FEA000BDC5B0 /* GroupedDaosDataSource.swift in Sources */ = {isa = PBXBuildFile; fileRef = 557FD1252A25FEA000BDC5B0 /* GroupedDaosDataSource.swift */; };
		5586BB892A34C75500A6E316 /* AuthManager.swift in Sources */ = {isa = PBXBuildFile; fileRef = 5586BB882A34C75500A6E316 /* AuthManager.swift */; };
		5586BB8B2A39F0C000A6E316 /* DaoListItemView.swift in Sources */ = {isa = PBXBuildFile; fileRef = 5586BB8A2A39F0C000A6E316 /* DaoListItemView.swift */; };
		5586BB8D2A3AFF6D00A6E316 /* DaoCardView.swift in Sources */ = {isa = PBXBuildFile; fileRef = 5586BB8C2A3AFF6D00A6E316 /* DaoCardView.swift */; };
		559025012A3DF6BE001B1770 /* Proposal.swift in Sources */ = {isa = PBXBuildFile; fileRef = 559025002A3DF6BE001B1770 /* Proposal.swift */; };
		5597E73B2A0A5C8800E2FAE4 /* ApiError.swift in Sources */ = {isa = PBXBuildFile; fileRef = 5597E7352A0A5C8800E2FAE4 /* ApiError.swift */; };
		5597E73C2A0A5C8800E2FAE4 /* ErrorViewModel.swift in Sources */ = {isa = PBXBuildFile; fileRef = 5597E7362A0A5C8800E2FAE4 /* ErrorViewModel.swift */; };
		5597E73D2A0A5C8800E2FAE4 /* APIService.swift in Sources */ = {isa = PBXBuildFile; fileRef = 5597E7372A0A5C8800E2FAE4 /* APIService.swift */; };
		5597E73E2A0A5C8800E2FAE4 /* NetworkManager.swift in Sources */ = {isa = PBXBuildFile; fileRef = 5597E7382A0A5C8800E2FAE4 /* NetworkManager.swift */; };
		5597E73F2A0A5C8800E2FAE4 /* ErrorView.swift in Sources */ = {isa = PBXBuildFile; fileRef = 5597E7392A0A5C8800E2FAE4 /* ErrorView.swift */; };
		5597E7402A0A5C8800E2FAE4 /* Endpoint.swift in Sources */ = {isa = PBXBuildFile; fileRef = 5597E73A2A0A5C8800E2FAE4 /* Endpoint.swift */; };
		55D632B0295055D30073E04A /* SettingKeys.swift in Sources */ = {isa = PBXBuildFile; fileRef = 55D632AF295055D30073E04A /* SettingKeys.swift */; };
		55D632B3295057880073E04A /* IntroView.swift in Sources */ = {isa = PBXBuildFile; fileRef = 55D632B2295057880073E04A /* IntroView.swift */; };
		55D632B929505C4F0073E04A /* InboxView.swift in Sources */ = {isa = PBXBuildFile; fileRef = 55D632B829505C4F0073E04A /* InboxView.swift */; };
		55D632BB29505C600073E04A /* SearchView.swift in Sources */ = {isa = PBXBuildFile; fileRef = 55D632BA29505C600073E04A /* SearchView.swift */; };
		55D632BF29505C800073E04A /* SettingsView.swift in Sources */ = {isa = PBXBuildFile; fileRef = 55D632BE29505C800073E04A /* SettingsView.swift */; };
		55D632C329505DFF0073E04A /* AppTabView.swift in Sources */ = {isa = PBXBuildFile; fileRef = 55D632C229505DFF0073E04A /* AppTabView.swift */; };
		55D632C52950CB4A0073E04A /* TermsView.swift in Sources */ = {isa = PBXBuildFile; fileRef = 55D632C42950CB4A0073E04A /* TermsView.swift */; };
		55F143DD294B1DDA00D00B73 /* GoverlandApp.swift in Sources */ = {isa = PBXBuildFile; fileRef = 55F143DC294B1DDA00D00B73 /* GoverlandApp.swift */; };
		55F143DF294B1DDA00D00B73 /* ContentView.swift in Sources */ = {isa = PBXBuildFile; fileRef = 55F143DE294B1DDA00D00B73 /* ContentView.swift */; };
		55F143E1294B1DDC00D00B73 /* Assets.xcassets in Resources */ = {isa = PBXBuildFile; fileRef = 55F143E0294B1DDC00D00B73 /* Assets.xcassets */; };
		55F143E4294B1DDC00D00B73 /* Preview Assets.xcassets in Resources */ = {isa = PBXBuildFile; fileRef = 55F143E3294B1DDC00D00B73 /* Preview Assets.xcassets */; };
		BA09B3092A2A3B6600223049 /* SnapshotProposalStatusBarView.swift in Sources */ = {isa = PBXBuildFile; fileRef = BA09B3032A2A3B6600223049 /* SnapshotProposalStatusBarView.swift */; };
		BA09B30A2A2A3B6600223049 /* SnapshotProposalDescriptionView.swift in Sources */ = {isa = PBXBuildFile; fileRef = BA09B3042A2A3B6600223049 /* SnapshotProposalDescriptionView.swift */; };
		BA09B30B2A2A3B6600223049 /* SnapshotProposalCreatorIdentityView.swift in Sources */ = {isa = PBXBuildFile; fileRef = BA09B3052A2A3B6600223049 /* SnapshotProposalCreatorIdentityView.swift */; };
		BA09B30C2A2A3B6600223049 /* SnapshotProposalView.swift in Sources */ = {isa = PBXBuildFile; fileRef = BA09B3062A2A3B6600223049 /* SnapshotProposalView.swift */; };
		BA09B30D2A2A3B6600223049 /* SnapshotProposalHeaderView.swift in Sources */ = {isa = PBXBuildFile; fileRef = BA09B3072A2A3B6600223049 /* SnapshotProposalHeaderView.swift */; };
		BA09B30E2A2A3B6600223049 /* SnapshotProposalTimelineView.swift in Sources */ = {isa = PBXBuildFile; fileRef = BA09B3082A2A3B6600223049 /* SnapshotProposalTimelineView.swift */; };
		BA1EAD7029F053E9008D92E9 /* Fonts.swift in Sources */ = {isa = PBXBuildFile; fileRef = BA1EAD6F29F053E9008D92E9 /* Fonts.swift */; };
		BA1EAD7329F32D65008D92E9 /* TreasuryListItemView.swift in Sources */ = {isa = PBXBuildFile; fileRef = BA1EAD7229F32D65008D92E9 /* TreasuryListItemView.swift */; };
		BA1EAD7929F56624008D92E9 /* TreasuryListItemHeaderView.swift in Sources */ = {isa = PBXBuildFile; fileRef = BA1EAD7829F56624008D92E9 /* TreasuryListItemHeaderView.swift */; };
		BA1EAD7B29F56881008D92E9 /* TreasuryStatusView.swift in Sources */ = {isa = PBXBuildFile; fileRef = BA1EAD7A29F56881008D92E9 /* TreasuryStatusView.swift */; };
		BA1EAD7D29F5796A008D92E9 /* TreasuryListItemContentView.swift in Sources */ = {isa = PBXBuildFile; fileRef = BA1EAD7C29F5796A008D92E9 /* TreasuryListItemContentView.swift */; };
		BA27EA6129DE0F0F00AA5055 /* Kingfisher in Frameworks */ = {isa = PBXBuildFile; productRef = BA27EA6029DE0F0F00AA5055 /* Kingfisher */; };
		BA2EA2012967610500FB87AC /* InboxFilterMenuView.swift in Sources */ = {isa = PBXBuildFile; fileRef = BA2EA2002967610500FB87AC /* InboxFilterMenuView.swift */; };
		BA2EA20429677F7C00FB87AC /* InboxDataService.swift in Sources */ = {isa = PBXBuildFile; fileRef = BA2EA20329677F7C00FB87AC /* InboxDataService.swift */; };
		BA2EA20D2968904C00FB87AC /* InboxEvent.swift in Sources */ = {isa = PBXBuildFile; fileRef = BA2EA20C2968904C00FB87AC /* InboxEvent.swift */; };
		BA2EA20F2968912B00FB87AC /* User.swift in Sources */ = {isa = PBXBuildFile; fileRef = BA2EA20E2968912B00FB87AC /* User.swift */; };
		BA352F04298AF89F00F78958 /* IntroLoadingView.storyboard in Resources */ = {isa = PBXBuildFile; fileRef = BA352F03298AF89F00F78958 /* IntroLoadingView.storyboard */; };
		BA352F0A298C184D00F78958 /* Dao.swift in Sources */ = {isa = PBXBuildFile; fileRef = BA352F09298C184D00F78958 /* Dao.swift */; };
		BA50AB2F29FEE3CE00EC2AA6 /* ShimmerLoadingView.swift in Sources */ = {isa = PBXBuildFile; fileRef = BA50AB2E29FEE3CE00EC2AA6 /* ShimmerLoadingView.swift */; };
		BA50AB3C2A009D0D00EC2AA6 /* SnapshotProposalVoteTabView.swift in Sources */ = {isa = PBXBuildFile; fileRef = BA50AB3B2A009D0D00EC2AA6 /* SnapshotProposalVoteTabView.swift */; };
		BA50AB402A04086900EC2AA6 /* SnapshotVotingView.swift in Sources */ = {isa = PBXBuildFile; fileRef = BA50AB3F2A04086900EC2AA6 /* SnapshotVotingView.swift */; };
		BA57D21A295CB35400DB1963 /* ProposalListItemView.swift in Sources */ = {isa = PBXBuildFile; fileRef = BA57D219295CB35400DB1963 /* ProposalListItemView.swift */; };
		BA5D8D3D2A2E62D900F76DB3 /* GroupedDaosView.swift in Sources */ = {isa = PBXBuildFile; fileRef = BA5D8D3C2A2E62D900F76DB3 /* GroupedDaosView.swift */; };
		BA6B964B2A31056300851826 /* SearchProposalView.swift in Sources */ = {isa = PBXBuildFile; fileRef = BA6B964A2A31056300851826 /* SearchProposalView.swift */; };
		BA6B96512A376C7700851826 /* FollowButtonView.swift in Sources */ = {isa = PBXBuildFile; fileRef = BA6B96502A376C7700851826 /* FollowButtonView.swift */; };
		BA6B96532A376CEF00851826 /* FollowButtonDataSource.swift in Sources */ = {isa = PBXBuildFile; fileRef = BA6B96522A376CEF00851826 /* FollowButtonDataSource.swift */; };
		BA6B96552A38B87300851826 /* Subscription.swift in Sources */ = {isa = PBXBuildFile; fileRef = BA6B96542A38B87300851826 /* Subscription.swift */; };
		BAA6C2F4295CF5E000C848D8 /* SwiftDate in Frameworks */ = {isa = PBXBuildFile; productRef = BAA6C2F3295CF5E000C848D8 /* SwiftDate */; };
		BAA8ED802A06FF8900316BFD /* SnapshotResultView.swift in Sources */ = {isa = PBXBuildFile; fileRef = BAA8ED7F2A06FF8900316BFD /* SnapshotResultView.swift */; };
		BAA8ED822A07293600316BFD /* SnapshotVotersView.swift in Sources */ = {isa = PBXBuildFile; fileRef = BAA8ED812A07293600316BFD /* SnapshotVotersView.swift */; };
		BAAA526929538138003177BC /* ProposalListItemHeaderView.swift in Sources */ = {isa = PBXBuildFile; fileRef = BAAA526829538138003177BC /* ProposalListItemHeaderView.swift */; };
		BAAA526F2953AC28003177BC /* ProposalListItemBodyView.swift in Sources */ = {isa = PBXBuildFile; fileRef = BAAA526E2953AC28003177BC /* ProposalListItemBodyView.swift */; };
		BAAA52712953BB61003177BC /* ProposalListItemFooterView.swift in Sources */ = {isa = PBXBuildFile; fileRef = BAAA52702953BB61003177BC /* ProposalListItemFooterView.swift */; };
		BAD5225E2A279A950097068F /* TwitterSettingsView.swift in Sources */ = {isa = PBXBuildFile; fileRef = BAD5225D2A279A950097068F /* TwitterSettingsView.swift */; };
		BAD522602A279AF50097068F /* TelegramSettingsView.swift in Sources */ = {isa = PBXBuildFile; fileRef = BAD5225F2A279AF50097068F /* TelegramSettingsView.swift */; };
		BAD522622A279B4E0097068F /* DiscordSettingsView.swift in Sources */ = {isa = PBXBuildFile; fileRef = BAD522612A279B4E0097068F /* DiscordSettingsView.swift */; };
		BADB99D02A3DFAA40098C0D3 /* FollowedDaosDataSource.swift in Sources */ = {isa = PBXBuildFile; fileRef = BADB99CF2A3DFAA40098C0D3 /* FollowedDaosDataSource.swift */; };
		BADB99D42A3DFF620098C0D3 /* FollowedDaosListView.swift in Sources */ = {isa = PBXBuildFile; fileRef = BADB99D32A3DFF620098C0D3 /* FollowedDaosListView.swift */; };
		BAF651C329AE5F8700C78A8A /* ColorSchemeManager.swift in Sources */ = {isa = PBXBuildFile; fileRef = BAF651C229AE5F8700C78A8A /* ColorSchemeManager.swift */; };
		BAF651C529B3EA0100C78A8A /* MailSendingView.swift in Sources */ = {isa = PBXBuildFile; fileRef = BAF651C429B3EA0100C78A8A /* MailSendingView.swift */; };
		BAF651CC29B79E3700C78A8A /* DaoInfoScreenView.swift in Sources */ = {isa = PBXBuildFile; fileRef = BAF651CB29B79E3700C78A8A /* DaoInfoScreenView.swift */; };
		BAF651CE29B79F8200C78A8A /* DaoInfoScreenHeaderView.swift in Sources */ = {isa = PBXBuildFile; fileRef = BAF651CD29B79F8200C78A8A /* DaoInfoScreenHeaderView.swift */; };
		BAF651D029B943E800C78A8A /* DaoInfoScreenControlsView.swift in Sources */ = {isa = PBXBuildFile; fileRef = BAF651CF29B943E800C78A8A /* DaoInfoScreenControlsView.swift */; };
		BAF651D229C0F00000C78A8A /* UIComponents.swift in Sources */ = {isa = PBXBuildFile; fileRef = BAF651D129C0F00000C78A8A /* UIComponents.swift */; };
		BAF651FD29C8AFE600C78A8A /* TrackingEvent.swift in Sources */ = {isa = PBXBuildFile; fileRef = BAF651FC29C8AFE600C78A8A /* TrackingEvent.swift */; };
		BAF651FF29C8C1F300C78A8A /* Tracker.swift in Sources */ = {isa = PBXBuildFile; fileRef = BAF651FE29C8C1F300C78A8A /* Tracker.swift */; };
		BAF6520329C8C61500C78A8A /* ConsoleTracker.swift in Sources */ = {isa = PBXBuildFile; fileRef = BAF6520229C8C61500C78A8A /* ConsoleTracker.swift */; };
/* End PBXBuildFile section */

/* Begin PBXFileReference section */
		5521D26D29EF092900A09FD4 /* Colors.swift */ = {isa = PBXFileReference; lastKnownFileType = sourcecode.swift; path = Colors.swift; sourceTree = "<group>"; };
		5521D27229EF0EA200A09FD4 /* IdentityView.swift */ = {isa = PBXFileReference; lastKnownFileType = sourcecode.swift; path = IdentityView.swift; sourceTree = "<group>"; };
		5521D27429EF137C00A09FD4 /* DateView.swift */ = {isa = PBXFileReference; lastKnownFileType = sourcecode.swift; path = DateView.swift; sourceTree = "<group>"; };
		5521D27629EF145300A09FD4 /* ProposalStatusView.swift */ = {isa = PBXFileReference; lastKnownFileType = sourcecode.swift; path = ProposalStatusView.swift; sourceTree = "<group>"; };
		5521D27829EF17C800A09FD4 /* InboxListItemFooterMenu.swift */ = {isa = PBXFileReference; lastKnownFileType = sourcecode.swift; path = InboxListItemFooterMenu.swift; sourceTree = "<group>"; };
		552885912A28EAE600ED2BCD /* OnboardingFollowDaosView.swift */ = {isa = PBXFileReference; fileEncoding = 4; lastKnownFileType = sourcecode.swift; path = OnboardingFollowDaosView.swift; sourceTree = "<group>"; };
		552885922A28EAE700ED2BCD /* CategoryDaosDataSource.swift */ = {isa = PBXFileReference; fileEncoding = 4; lastKnownFileType = sourcecode.swift; path = CategoryDaosDataSource.swift; sourceTree = "<group>"; };
		552885932A28EAE700ED2BCD /* FollowCategoryDaosListView.swift */ = {isa = PBXFileReference; fileEncoding = 4; lastKnownFileType = sourcecode.swift; path = FollowCategoryDaosListView.swift; sourceTree = "<group>"; };
		552885972A28EB1900ED2BCD /* Extentions.swift */ = {isa = PBXFileReference; fileEncoding = 4; lastKnownFileType = sourcecode.swift; path = Extentions.swift; sourceTree = "<group>"; };
		552885992A28EBF600ED2BCD /* RetryInitialLoadingView.swift */ = {isa = PBXFileReference; fileEncoding = 4; lastKnownFileType = sourcecode.swift; path = RetryInitialLoadingView.swift; sourceTree = "<group>"; };
		5533170129F16B290034AF66 /* Address.swift */ = {isa = PBXFileReference; lastKnownFileType = sourcecode.swift; path = Address.swift; sourceTree = "<group>"; };
		555310EA299F732500AB7557 /* EnablePushNotificationsView.swift */ = {isa = PBXFileReference; fileEncoding = 4; lastKnownFileType = sourcecode.swift; path = EnablePushNotificationsView.swift; sourceTree = "<group>"; };
		557177E82A3E3E1B0026B12A /* Utils.swift */ = {isa = PBXFileReference; lastKnownFileType = sourcecode.swift; path = Utils.swift; sourceTree = "<group>"; };
		557C9D652A30ECCE001C4DEA /* DaoSearchListView.swift */ = {isa = PBXFileReference; lastKnownFileType = sourcecode.swift; path = DaoSearchListView.swift; sourceTree = "<group>"; };
		557FD1252A25FEA000BDC5B0 /* GroupedDaosDataSource.swift */ = {isa = PBXFileReference; lastKnownFileType = sourcecode.swift; path = GroupedDaosDataSource.swift; sourceTree = "<group>"; };
		5586BB882A34C75500A6E316 /* AuthManager.swift */ = {isa = PBXFileReference; lastKnownFileType = sourcecode.swift; path = AuthManager.swift; sourceTree = "<group>"; };
		5586BB8A2A39F0C000A6E316 /* DaoListItemView.swift */ = {isa = PBXFileReference; lastKnownFileType = sourcecode.swift; path = DaoListItemView.swift; sourceTree = "<group>"; };
		5586BB8C2A3AFF6D00A6E316 /* DaoCardView.swift */ = {isa = PBXFileReference; lastKnownFileType = sourcecode.swift; path = DaoCardView.swift; sourceTree = "<group>"; };
		559025002A3DF6BE001B1770 /* Proposal.swift */ = {isa = PBXFileReference; lastKnownFileType = sourcecode.swift; path = Proposal.swift; sourceTree = "<group>"; };
		5597E7352A0A5C8800E2FAE4 /* ApiError.swift */ = {isa = PBXFileReference; fileEncoding = 4; lastKnownFileType = sourcecode.swift; path = ApiError.swift; sourceTree = "<group>"; };
		5597E7362A0A5C8800E2FAE4 /* ErrorViewModel.swift */ = {isa = PBXFileReference; fileEncoding = 4; lastKnownFileType = sourcecode.swift; path = ErrorViewModel.swift; sourceTree = "<group>"; };
		5597E7372A0A5C8800E2FAE4 /* APIService.swift */ = {isa = PBXFileReference; fileEncoding = 4; lastKnownFileType = sourcecode.swift; path = APIService.swift; sourceTree = "<group>"; };
		5597E7382A0A5C8800E2FAE4 /* NetworkManager.swift */ = {isa = PBXFileReference; fileEncoding = 4; lastKnownFileType = sourcecode.swift; path = NetworkManager.swift; sourceTree = "<group>"; };
		5597E7392A0A5C8800E2FAE4 /* ErrorView.swift */ = {isa = PBXFileReference; fileEncoding = 4; lastKnownFileType = sourcecode.swift; path = ErrorView.swift; sourceTree = "<group>"; };
		5597E73A2A0A5C8800E2FAE4 /* Endpoint.swift */ = {isa = PBXFileReference; fileEncoding = 4; lastKnownFileType = sourcecode.swift; path = Endpoint.swift; sourceTree = "<group>"; };
		55D632AF295055D30073E04A /* SettingKeys.swift */ = {isa = PBXFileReference; lastKnownFileType = sourcecode.swift; path = SettingKeys.swift; sourceTree = "<group>"; };
		55D632B2295057880073E04A /* IntroView.swift */ = {isa = PBXFileReference; lastKnownFileType = sourcecode.swift; path = IntroView.swift; sourceTree = "<group>"; };
		55D632B829505C4F0073E04A /* InboxView.swift */ = {isa = PBXFileReference; lastKnownFileType = sourcecode.swift; path = InboxView.swift; sourceTree = "<group>"; };
		55D632BA29505C600073E04A /* SearchView.swift */ = {isa = PBXFileReference; lastKnownFileType = sourcecode.swift; path = SearchView.swift; sourceTree = "<group>"; };
		55D632BE29505C800073E04A /* SettingsView.swift */ = {isa = PBXFileReference; lastKnownFileType = sourcecode.swift; path = SettingsView.swift; sourceTree = "<group>"; };
		55D632C229505DFF0073E04A /* AppTabView.swift */ = {isa = PBXFileReference; lastKnownFileType = sourcecode.swift; path = AppTabView.swift; sourceTree = "<group>"; };
		55D632C42950CB4A0073E04A /* TermsView.swift */ = {isa = PBXFileReference; lastKnownFileType = sourcecode.swift; path = TermsView.swift; sourceTree = "<group>"; };
		55F143DC294B1DDA00D00B73 /* GoverlandApp.swift */ = {isa = PBXFileReference; lastKnownFileType = sourcecode.swift; path = GoverlandApp.swift; sourceTree = "<group>"; };
		55F143DE294B1DDA00D00B73 /* ContentView.swift */ = {isa = PBXFileReference; lastKnownFileType = sourcecode.swift; path = ContentView.swift; sourceTree = "<group>"; };
		55F143E0294B1DDC00D00B73 /* Assets.xcassets */ = {isa = PBXFileReference; lastKnownFileType = folder.assetcatalog; path = Assets.xcassets; sourceTree = "<group>"; };
		55F143E3294B1DDC00D00B73 /* Preview Assets.xcassets */ = {isa = PBXFileReference; lastKnownFileType = folder.assetcatalog; path = "Preview Assets.xcassets"; sourceTree = "<group>"; };
		BA09B3032A2A3B6600223049 /* SnapshotProposalStatusBarView.swift */ = {isa = PBXFileReference; fileEncoding = 4; lastKnownFileType = sourcecode.swift; path = SnapshotProposalStatusBarView.swift; sourceTree = "<group>"; };
		BA09B3042A2A3B6600223049 /* SnapshotProposalDescriptionView.swift */ = {isa = PBXFileReference; fileEncoding = 4; lastKnownFileType = sourcecode.swift; path = SnapshotProposalDescriptionView.swift; sourceTree = "<group>"; };
		BA09B3052A2A3B6600223049 /* SnapshotProposalCreatorIdentityView.swift */ = {isa = PBXFileReference; fileEncoding = 4; lastKnownFileType = sourcecode.swift; path = SnapshotProposalCreatorIdentityView.swift; sourceTree = "<group>"; };
		BA09B3062A2A3B6600223049 /* SnapshotProposalView.swift */ = {isa = PBXFileReference; fileEncoding = 4; lastKnownFileType = sourcecode.swift; path = SnapshotProposalView.swift; sourceTree = "<group>"; };
		BA09B3072A2A3B6600223049 /* SnapshotProposalHeaderView.swift */ = {isa = PBXFileReference; fileEncoding = 4; lastKnownFileType = sourcecode.swift; path = SnapshotProposalHeaderView.swift; sourceTree = "<group>"; };
		BA09B3082A2A3B6600223049 /* SnapshotProposalTimelineView.swift */ = {isa = PBXFileReference; fileEncoding = 4; lastKnownFileType = sourcecode.swift; path = SnapshotProposalTimelineView.swift; sourceTree = "<group>"; };
		BA1EAD6F29F053E9008D92E9 /* Fonts.swift */ = {isa = PBXFileReference; lastKnownFileType = sourcecode.swift; path = Fonts.swift; sourceTree = "<group>"; };
		BA1EAD7229F32D65008D92E9 /* TreasuryListItemView.swift */ = {isa = PBXFileReference; lastKnownFileType = sourcecode.swift; path = TreasuryListItemView.swift; sourceTree = "<group>"; };
		BA1EAD7829F56624008D92E9 /* TreasuryListItemHeaderView.swift */ = {isa = PBXFileReference; lastKnownFileType = sourcecode.swift; path = TreasuryListItemHeaderView.swift; sourceTree = "<group>"; };
		BA1EAD7A29F56881008D92E9 /* TreasuryStatusView.swift */ = {isa = PBXFileReference; lastKnownFileType = sourcecode.swift; path = TreasuryStatusView.swift; sourceTree = "<group>"; };
		BA1EAD7C29F5796A008D92E9 /* TreasuryListItemContentView.swift */ = {isa = PBXFileReference; lastKnownFileType = sourcecode.swift; path = TreasuryListItemContentView.swift; sourceTree = "<group>"; };
		BA2EA2002967610500FB87AC /* InboxFilterMenuView.swift */ = {isa = PBXFileReference; lastKnownFileType = sourcecode.swift; path = InboxFilterMenuView.swift; sourceTree = "<group>"; };
		BA2EA20329677F7C00FB87AC /* InboxDataService.swift */ = {isa = PBXFileReference; lastKnownFileType = sourcecode.swift; path = InboxDataService.swift; sourceTree = "<group>"; };
		BA2EA20C2968904C00FB87AC /* InboxEvent.swift */ = {isa = PBXFileReference; lastKnownFileType = sourcecode.swift; path = InboxEvent.swift; sourceTree = "<group>"; };
		BA2EA20E2968912B00FB87AC /* User.swift */ = {isa = PBXFileReference; lastKnownFileType = sourcecode.swift; path = User.swift; sourceTree = "<group>"; };
		BA352F03298AF89F00F78958 /* IntroLoadingView.storyboard */ = {isa = PBXFileReference; lastKnownFileType = file.storyboard; path = IntroLoadingView.storyboard; sourceTree = "<group>"; };
		BA352F09298C184D00F78958 /* Dao.swift */ = {isa = PBXFileReference; lastKnownFileType = sourcecode.swift; path = Dao.swift; sourceTree = "<group>"; };
		BA50AB2E29FEE3CE00EC2AA6 /* ShimmerLoadingView.swift */ = {isa = PBXFileReference; lastKnownFileType = sourcecode.swift; path = ShimmerLoadingView.swift; sourceTree = "<group>"; };
		BA50AB3B2A009D0D00EC2AA6 /* SnapshotProposalVoteTabView.swift */ = {isa = PBXFileReference; lastKnownFileType = sourcecode.swift; path = SnapshotProposalVoteTabView.swift; sourceTree = "<group>"; };
		BA50AB3F2A04086900EC2AA6 /* SnapshotVotingView.swift */ = {isa = PBXFileReference; lastKnownFileType = sourcecode.swift; path = SnapshotVotingView.swift; sourceTree = "<group>"; };
		BA57D219295CB35400DB1963 /* ProposalListItemView.swift */ = {isa = PBXFileReference; lastKnownFileType = sourcecode.swift; path = ProposalListItemView.swift; sourceTree = "<group>"; };
		BA5D8D3C2A2E62D900F76DB3 /* GroupedDaosView.swift */ = {isa = PBXFileReference; lastKnownFileType = sourcecode.swift; path = GroupedDaosView.swift; sourceTree = "<group>"; };
		BA6B964A2A31056300851826 /* SearchProposalView.swift */ = {isa = PBXFileReference; lastKnownFileType = sourcecode.swift; path = SearchProposalView.swift; sourceTree = "<group>"; };
		BA6B96502A376C7700851826 /* FollowButtonView.swift */ = {isa = PBXFileReference; lastKnownFileType = sourcecode.swift; path = FollowButtonView.swift; sourceTree = "<group>"; };
		BA6B96522A376CEF00851826 /* FollowButtonDataSource.swift */ = {isa = PBXFileReference; lastKnownFileType = sourcecode.swift; path = FollowButtonDataSource.swift; sourceTree = "<group>"; };
		BA6B96542A38B87300851826 /* Subscription.swift */ = {isa = PBXFileReference; lastKnownFileType = sourcecode.swift; path = Subscription.swift; sourceTree = "<group>"; };
		BAA8ED7F2A06FF8900316BFD /* SnapshotResultView.swift */ = {isa = PBXFileReference; lastKnownFileType = sourcecode.swift; path = SnapshotResultView.swift; sourceTree = "<group>"; };
		BAA8ED812A07293600316BFD /* SnapshotVotersView.swift */ = {isa = PBXFileReference; lastKnownFileType = sourcecode.swift; path = SnapshotVotersView.swift; sourceTree = "<group>"; };
		BAAA526829538138003177BC /* ProposalListItemHeaderView.swift */ = {isa = PBXFileReference; lastKnownFileType = sourcecode.swift; path = ProposalListItemHeaderView.swift; sourceTree = "<group>"; };
		BAAA526E2953AC28003177BC /* ProposalListItemBodyView.swift */ = {isa = PBXFileReference; lastKnownFileType = sourcecode.swift; path = ProposalListItemBodyView.swift; sourceTree = "<group>"; };
		BAAA52702953BB61003177BC /* ProposalListItemFooterView.swift */ = {isa = PBXFileReference; lastKnownFileType = sourcecode.swift; path = ProposalListItemFooterView.swift; sourceTree = "<group>"; };
		BAD5225D2A279A950097068F /* TwitterSettingsView.swift */ = {isa = PBXFileReference; lastKnownFileType = sourcecode.swift; path = TwitterSettingsView.swift; sourceTree = "<group>"; };
		BAD5225F2A279AF50097068F /* TelegramSettingsView.swift */ = {isa = PBXFileReference; lastKnownFileType = sourcecode.swift; path = TelegramSettingsView.swift; sourceTree = "<group>"; };
		BAD522612A279B4E0097068F /* DiscordSettingsView.swift */ = {isa = PBXFileReference; lastKnownFileType = sourcecode.swift; path = DiscordSettingsView.swift; sourceTree = "<group>"; };
		BADB99CF2A3DFAA40098C0D3 /* FollowedDaosDataSource.swift */ = {isa = PBXFileReference; lastKnownFileType = sourcecode.swift; path = FollowedDaosDataSource.swift; sourceTree = "<group>"; };
		BADB99D32A3DFF620098C0D3 /* FollowedDaosListView.swift */ = {isa = PBXFileReference; lastKnownFileType = sourcecode.swift; path = FollowedDaosListView.swift; sourceTree = "<group>"; };
		BAF651B129A1580600C78A8A /* Goverland.app */ = {isa = PBXFileReference; explicitFileType = wrapper.application; includeInIndex = 0; path = Goverland.app; sourceTree = BUILT_PRODUCTS_DIR; };
		BAF651C229AE5F8700C78A8A /* ColorSchemeManager.swift */ = {isa = PBXFileReference; lastKnownFileType = sourcecode.swift; path = ColorSchemeManager.swift; sourceTree = "<group>"; };
		BAF651C429B3EA0100C78A8A /* MailSendingView.swift */ = {isa = PBXFileReference; lastKnownFileType = sourcecode.swift; path = MailSendingView.swift; sourceTree = "<group>"; };
		BAF651CB29B79E3700C78A8A /* DaoInfoScreenView.swift */ = {isa = PBXFileReference; lastKnownFileType = sourcecode.swift; path = DaoInfoScreenView.swift; sourceTree = "<group>"; };
		BAF651CD29B79F8200C78A8A /* DaoInfoScreenHeaderView.swift */ = {isa = PBXFileReference; lastKnownFileType = sourcecode.swift; path = DaoInfoScreenHeaderView.swift; sourceTree = "<group>"; };
		BAF651CF29B943E800C78A8A /* DaoInfoScreenControlsView.swift */ = {isa = PBXFileReference; lastKnownFileType = sourcecode.swift; path = DaoInfoScreenControlsView.swift; sourceTree = "<group>"; };
		BAF651D129C0F00000C78A8A /* UIComponents.swift */ = {isa = PBXFileReference; lastKnownFileType = sourcecode.swift; path = UIComponents.swift; sourceTree = "<group>"; };
		BAF651FC29C8AFE600C78A8A /* TrackingEvent.swift */ = {isa = PBXFileReference; lastKnownFileType = sourcecode.swift; path = TrackingEvent.swift; sourceTree = "<group>"; };
		BAF651FE29C8C1F300C78A8A /* Tracker.swift */ = {isa = PBXFileReference; lastKnownFileType = sourcecode.swift; path = Tracker.swift; sourceTree = "<group>"; };
		BAF6520229C8C61500C78A8A /* ConsoleTracker.swift */ = {isa = PBXFileReference; lastKnownFileType = sourcecode.swift; path = ConsoleTracker.swift; sourceTree = "<group>"; };
/* End PBXFileReference section */

/* Begin PBXFrameworksBuildPhase section */
		55F143D6294B1DDA00D00B73 /* Frameworks */ = {
			isa = PBXFrameworksBuildPhase;
			buildActionMask = 2147483647;
			files = (
				BA27EA6129DE0F0F00AA5055 /* Kingfisher in Frameworks */,
				BAA6C2F4295CF5E000C848D8 /* SwiftDate in Frameworks */,
				553316FE29F162FF0034AF66 /* BlockiesSwift in Frameworks */,
			);
			runOnlyForDeploymentPostprocessing = 0;
		};
/* End PBXFrameworksBuildPhase section */

/* Begin PBXGroup section */
		5508BBA72993FC93003E691A /* Common */ = {
			isa = PBXGroup;
			children = (
				552885972A28EB1900ED2BCD /* Extentions.swift */,
				BAF651D129C0F00000C78A8A /* UIComponents.swift */,
				5521D26D29EF092900A09FD4 /* Colors.swift */,
				BA1EAD6F29F053E9008D92E9 /* Fonts.swift */,
				557177E82A3E3E1B0026B12A /* Utils.swift */,
			);
			path = Common;
			sourceTree = "<group>";
		};
		5521D26F29EF0C7100A09FD4 /* UI Components */ = {
			isa = PBXGroup;
			children = (
				552885992A28EBF600ED2BCD /* RetryInitialLoadingView.swift */,
				5521D27429EF137C00A09FD4 /* DateView.swift */,
				5521D27229EF0EA200A09FD4 /* IdentityView.swift */,
				5521D27629EF145300A09FD4 /* ProposalStatusView.swift */,
				BA50AB2E29FEE3CE00EC2AA6 /* ShimmerLoadingView.swift */,
				5586BB8C2A3AFF6D00A6E316 /* DaoCardView.swift */,
				5586BB8A2A39F0C000A6E316 /* DaoListItemView.swift */,
				BA6B964F2A376C4500851826 /* Follow Button */,
				BAAA526D2953ABF9003177BC /* Inbox List Item */,
				BAA8ED7E2A06FF4500316BFD /* Snapshot Voting */,
			);
			path = "UI Components";
			sourceTree = "<group>";
		};
		5521D27029EF0D0300A09FD4 /* Proposal List Item */ = {
			isa = PBXGroup;
			children = (
				BA57D219295CB35400DB1963 /* ProposalListItemView.swift */,
				BAAA526829538138003177BC /* ProposalListItemHeaderView.swift */,
				BAAA526E2953AC28003177BC /* ProposalListItemBodyView.swift */,
				BAAA52702953BB61003177BC /* ProposalListItemFooterView.swift */,
			);
			path = "Proposal List Item";
			sourceTree = "<group>";
		};
		557C9D672A30ECED001C4DEA /* Grouped */ = {
			isa = PBXGroup;
			children = (
				552885912A28EAE600ED2BCD /* OnboardingFollowDaosView.swift */,
				557FD1252A25FEA000BDC5B0 /* GroupedDaosDataSource.swift */,
				BA5D8D3C2A2E62D900F76DB3 /* GroupedDaosView.swift */,
				557C9D652A30ECCE001C4DEA /* DaoSearchListView.swift */,
			);
			path = Grouped;
			sourceTree = "<group>";
		};
		557C9D682A30ED4E001C4DEA /* Category */ = {
			isa = PBXGroup;
			children = (
				552885932A28EAE700ED2BCD /* FollowCategoryDaosListView.swift */,
				552885922A28EAE700ED2BCD /* CategoryDaosDataSource.swift */,
			);
			path = Category;
			sourceTree = "<group>";
		};
		5597E7342A0A5C8800E2FAE4 /* Networking */ = {
			isa = PBXGroup;
			children = (
				5597E7352A0A5C8800E2FAE4 /* ApiError.swift */,
				5597E7362A0A5C8800E2FAE4 /* ErrorViewModel.swift */,
				5597E7372A0A5C8800E2FAE4 /* APIService.swift */,
				5597E7382A0A5C8800E2FAE4 /* NetworkManager.swift */,
				5597E7392A0A5C8800E2FAE4 /* ErrorView.swift */,
				5597E73A2A0A5C8800E2FAE4 /* Endpoint.swift */,
			);
			path = Networking;
			sourceTree = "<group>";
		};
		55D632B12950576C0073E04A /* Onboarding */ = {
			isa = PBXGroup;
			children = (
				BA352F03298AF89F00F78958 /* IntroLoadingView.storyboard */,
				55D632B2295057880073E04A /* IntroView.swift */,
				555310EA299F732500AB7557 /* EnablePushNotificationsView.swift */,
				55D632C42950CB4A0073E04A /* TermsView.swift */,
			);
			path = Onboarding;
			sourceTree = "<group>";
		};
		55D632B429505BDE0073E04A /* Inbox Tab */ = {
			isa = PBXGroup;
			children = (
				55D632B829505C4F0073E04A /* InboxView.swift */,
				BA2EA2002967610500FB87AC /* InboxFilterMenuView.swift */,
				BA2EA20329677F7C00FB87AC /* InboxDataService.swift */,
			);
			path = "Inbox Tab";
			sourceTree = "<group>";
		};
		55D632B529505BEB0073E04A /* Search Tab */ = {
			isa = PBXGroup;
			children = (
				55D632BA29505C600073E04A /* SearchView.swift */,
				BA6B964A2A31056300851826 /* SearchProposalView.swift */,
			);
			path = "Search Tab";
			sourceTree = "<group>";
		};
		55D632B729505C070073E04A /* Settings Tab */ = {
			isa = PBXGroup;
			children = (
				55D632BE29505C800073E04A /* SettingsView.swift */,
				BAD5225D2A279A950097068F /* TwitterSettingsView.swift */,
				BAD5225F2A279AF50097068F /* TelegramSettingsView.swift */,
				BAD522612A279B4E0097068F /* DiscordSettingsView.swift */,
				BAF651C429B3EA0100C78A8A /* MailSendingView.swift */,
			);
			path = "Settings Tab";
			sourceTree = "<group>";
		};
		55F143D0294B1DDA00D00B73 = {
			isa = PBXGroup;
			children = (
				55F143DB294B1DDA00D00B73 /* Goverland */,
				BAF651B129A1580600C78A8A /* Goverland.app */,
			);
			sourceTree = "<group>";
		};
		55F143DB294B1DDA00D00B73 /* Goverland */ = {
			isa = PBXGroup;
			children = (
				55F143DC294B1DDA00D00B73 /* GoverlandApp.swift */,
				55F143DE294B1DDA00D00B73 /* ContentView.swift */,
				55D632C229505DFF0073E04A /* AppTabView.swift */,
				55D632AF295055D30073E04A /* SettingKeys.swift */,
				5586BB882A34C75500A6E316 /* AuthManager.swift */,
				BAF651C229AE5F8700C78A8A /* ColorSchemeManager.swift */,
				55F143E0294B1DDC00D00B73 /* Assets.xcassets */,
				55D632B12950576C0073E04A /* Onboarding */,
				55D632B429505BDE0073E04A /* Inbox Tab */,
				55D632B529505BEB0073E04A /* Search Tab */,
				55D632B729505C070073E04A /* Settings Tab */,
				BA2EA20229677F0800FB87AC /* Model */,
				5597E7342A0A5C8800E2FAE4 /* Networking */,
				5521D26F29EF0C7100A09FD4 /* UI Components */,
				5508BBA72993FC93003E691A /* Common */,
				55FBE80E2A0BBDFF000A9204 /* DAOs */,
				BA09B3022A2A3B6600223049 /* SnapshotProposal */,
				55F143E2294B1DDC00D00B73 /* Preview Content */,
				BAF651FB29C8AFAF00C78A8A /* Analytics */,
			);
			path = Goverland;
			sourceTree = "<group>";
		};
		55F143E2294B1DDC00D00B73 /* Preview Content */ = {
			isa = PBXGroup;
			children = (
				55F143E3294B1DDC00D00B73 /* Preview Assets.xcassets */,
			);
			path = "Preview Content";
			sourceTree = "<group>";
		};
		55FBE80E2A0BBDFF000A9204 /* DAOs */ = {
			isa = PBXGroup;
			children = (
				BAF651CA29B79E2200C78A8A /* Info */,
				557C9D672A30ECED001C4DEA /* Grouped */,
				557C9D682A30ED4E001C4DEA /* Category */,
				BADB99CE2A3DFA470098C0D3 /* List */,
			);
			path = DAOs;
			sourceTree = "<group>";
		};
		BA09B3022A2A3B6600223049 /* SnapshotProposal */ = {
			isa = PBXGroup;
			children = (
				BA09B3032A2A3B6600223049 /* SnapshotProposalStatusBarView.swift */,
				BA09B3042A2A3B6600223049 /* SnapshotProposalDescriptionView.swift */,
				BA09B3052A2A3B6600223049 /* SnapshotProposalCreatorIdentityView.swift */,
				BA09B3062A2A3B6600223049 /* SnapshotProposalView.swift */,
				BA09B3072A2A3B6600223049 /* SnapshotProposalHeaderView.swift */,
				BA09B3082A2A3B6600223049 /* SnapshotProposalTimelineView.swift */,
			);
			path = SnapshotProposal;
			sourceTree = "<group>";
		};
		BA1EAD7129F32D0C008D92E9 /* Treasury List Item */ = {
			isa = PBXGroup;
			children = (
				BA1EAD7A29F56881008D92E9 /* TreasuryStatusView.swift */,
				BA1EAD7229F32D65008D92E9 /* TreasuryListItemView.swift */,
				BA1EAD7829F56624008D92E9 /* TreasuryListItemHeaderView.swift */,
				BA1EAD7C29F5796A008D92E9 /* TreasuryListItemContentView.swift */,
			);
			path = "Treasury List Item";
			sourceTree = "<group>";
		};
		BA2EA20229677F0800FB87AC /* Model */ = {
			isa = PBXGroup;
			children = (
				BA352F09298C184D00F78958 /* Dao.swift */,
				559025002A3DF6BE001B1770 /* Proposal.swift */,
				BA2EA20C2968904C00FB87AC /* InboxEvent.swift */,
				BA2EA20E2968912B00FB87AC /* User.swift */,
				5533170129F16B290034AF66 /* Address.swift */,
				BA6B96542A38B87300851826 /* Subscription.swift */,
			);
			path = Model;
			sourceTree = "<group>";
		};
		BA6B964F2A376C4500851826 /* Follow Button */ = {
			isa = PBXGroup;
			children = (
				BA6B96502A376C7700851826 /* FollowButtonView.swift */,
				BA6B96522A376CEF00851826 /* FollowButtonDataSource.swift */,
			);
			path = "Follow Button";
			sourceTree = "<group>";
		};
		BAA8ED7E2A06FF4500316BFD /* Snapshot Voting */ = {
			isa = PBXGroup;
			children = (
				BA50AB3B2A009D0D00EC2AA6 /* SnapshotProposalVoteTabView.swift */,
				BA50AB3F2A04086900EC2AA6 /* SnapshotVotingView.swift */,
				BAA8ED7F2A06FF8900316BFD /* SnapshotResultView.swift */,
				BAA8ED812A07293600316BFD /* SnapshotVotersView.swift */,
			);
			path = "Snapshot Voting";
			sourceTree = "<group>";
		};
		BAAA526D2953ABF9003177BC /* Inbox List Item */ = {
			isa = PBXGroup;
			children = (
				5521D27829EF17C800A09FD4 /* InboxListItemFooterMenu.swift */,
				5521D27029EF0D0300A09FD4 /* Proposal List Item */,
				BA1EAD7129F32D0C008D92E9 /* Treasury List Item */,
			);
			path = "Inbox List Item";
			sourceTree = "<group>";
		};
		BADB99CE2A3DFA470098C0D3 /* List */ = {
			isa = PBXGroup;
			children = (
				BADB99CF2A3DFAA40098C0D3 /* FollowedDaosDataSource.swift */,
				BADB99D32A3DFF620098C0D3 /* FollowedDaosListView.swift */,
			);
			path = List;
			sourceTree = "<group>";
		};
		BAF651CA29B79E2200C78A8A /* Info */ = {
			isa = PBXGroup;
			children = (
				BAF651CB29B79E3700C78A8A /* DaoInfoScreenView.swift */,
				BAF651CD29B79F8200C78A8A /* DaoInfoScreenHeaderView.swift */,
				BAF651CF29B943E800C78A8A /* DaoInfoScreenControlsView.swift */,
			);
			path = Info;
			sourceTree = "<group>";
		};
		BAF651FB29C8AFAF00C78A8A /* Analytics */ = {
			isa = PBXGroup;
			children = (
				BAF651FE29C8C1F300C78A8A /* Tracker.swift */,
				BAF6520229C8C61500C78A8A /* ConsoleTracker.swift */,
				BAF651FC29C8AFE600C78A8A /* TrackingEvent.swift */,
			);
			path = Analytics;
			sourceTree = "<group>";
		};
/* End PBXGroup section */

/* Begin PBXNativeTarget section */
		55F143D8294B1DDA00D00B73 /* Goverland */ = {
			isa = PBXNativeTarget;
			buildConfigurationList = 55F143FD294B1DDD00D00B73 /* Build configuration list for PBXNativeTarget "Goverland" */;
			buildPhases = (
				55F143D5294B1DDA00D00B73 /* Sources */,
				55F143D6294B1DDA00D00B73 /* Frameworks */,
				55F143D7294B1DDA00D00B73 /* Resources */,
				BA2EA1FE29636C2700FB87AC /* TODO Warnings */,
			);
			buildRules = (
			);
			dependencies = (
			);
			name = Goverland;
			packageProductDependencies = (
				BAA6C2F3295CF5E000C848D8 /* SwiftDate */,
				BA27EA6029DE0F0F00AA5055 /* Kingfisher */,
				553316FD29F162FF0034AF66 /* BlockiesSwift */,
			);
			productName = DaoFeed;
			productReference = BAF651B129A1580600C78A8A /* Goverland.app */;
			productType = "com.apple.product-type.application";
		};
/* End PBXNativeTarget section */

/* Begin PBXProject section */
		55F143D1294B1DDA00D00B73 /* Project object */ = {
			isa = PBXProject;
			attributes = {
				BuildIndependentTargetsInParallel = 1;
				LastSwiftUpdateCheck = 1420;
				LastUpgradeCheck = 1420;
				TargetAttributes = {
					55F143D8294B1DDA00D00B73 = {
						CreatedOnToolsVersion = 14.2;
					};
				};
			};
			buildConfigurationList = 55F143D4294B1DDA00D00B73 /* Build configuration list for PBXProject "Goverland" */;
			compatibilityVersion = "Xcode 14.0";
			developmentRegion = en;
			hasScannedForEncodings = 0;
			knownRegions = (
				en,
				Base,
			);
			mainGroup = 55F143D0294B1DDA00D00B73;
			packageReferences = (
				BAA6C2F2295CF5E000C848D8 /* XCRemoteSwiftPackageReference "SwiftDate" */,
				BA27EA5F29DE0F0F00AA5055 /* XCRemoteSwiftPackageReference "Kingfisher" */,
				553316FC29F162FF0034AF66 /* XCRemoteSwiftPackageReference "BlockiesSwift" */,
			);
			productRefGroup = 55F143D0294B1DDA00D00B73;
			projectDirPath = "";
			projectRoot = "";
			targets = (
				55F143D8294B1DDA00D00B73 /* Goverland */,
			);
		};
/* End PBXProject section */

/* Begin PBXResourcesBuildPhase section */
		55F143D7294B1DDA00D00B73 /* Resources */ = {
			isa = PBXResourcesBuildPhase;
			buildActionMask = 2147483647;
			files = (
				55F143E4294B1DDC00D00B73 /* Preview Assets.xcassets in Resources */,
				BA352F04298AF89F00F78958 /* IntroLoadingView.storyboard in Resources */,
				55F143E1294B1DDC00D00B73 /* Assets.xcassets in Resources */,
			);
			runOnlyForDeploymentPostprocessing = 0;
		};
/* End PBXResourcesBuildPhase section */

/* Begin PBXShellScriptBuildPhase section */
		BA2EA1FE29636C2700FB87AC /* TODO Warnings */ = {
			isa = PBXShellScriptBuildPhase;
			buildActionMask = 2147483647;
			files = (
			);
			inputFileListPaths = (
			);
			inputPaths = (
			);
			name = "TODO Warnings";
			outputFileListPaths = (
			);
			outputPaths = (
			);
			runOnlyForDeploymentPostprocessing = 0;
			shellPath = /bin/sh;
			shellScript = "# Type a script or drag a script file from your workspace to insert its path.\nTAGS=\"TODO:|FIXME:|WARNING:\"\necho \"searching ${SRCROOT} for ${TAGS}\"\nfind \"${SRCROOT}\" \\( -name \"*.swift\" \\) -print0 | xargs -0 egrep --with-filename --line-number --only-matching \"($TAGS).*\\$\" | perl -p -e \"s/($TAGS)/ warning: \\$1/\"\n";
		};
/* End PBXShellScriptBuildPhase section */

/* Begin PBXSourcesBuildPhase section */
		55F143D5294B1DDA00D00B73 /* Sources */ = {
			isa = PBXSourcesBuildPhase;
			buildActionMask = 2147483647;
			files = (
				55D632B0295055D30073E04A /* SettingKeys.swift in Sources */,
				5521D27329EF0EA200A09FD4 /* IdentityView.swift in Sources */,
				5597E73C2A0A5C8800E2FAE4 /* ErrorViewModel.swift in Sources */,
				55D632BF29505C800073E04A /* SettingsView.swift in Sources */,
				555310EC299F732500AB7557 /* EnablePushNotificationsView.swift in Sources */,
				55D632B3295057880073E04A /* IntroView.swift in Sources */,
				557FD1262A25FEA000BDC5B0 /* GroupedDaosDataSource.swift in Sources */,
				BA1EAD7029F053E9008D92E9 /* Fonts.swift in Sources */,
				55D632C329505DFF0073E04A /* AppTabView.swift in Sources */,
				BADB99D02A3DFAA40098C0D3 /* FollowedDaosDataSource.swift in Sources */,
				BA09B30E2A2A3B6600223049 /* SnapshotProposalTimelineView.swift in Sources */,
				55F143DF294B1DDA00D00B73 /* ContentView.swift in Sources */,
				5521D27529EF137C00A09FD4 /* DateView.swift in Sources */,
				BA6B96512A376C7700851826 /* FollowButtonView.swift in Sources */,
				BAF651FD29C8AFE600C78A8A /* TrackingEvent.swift in Sources */,
				5597E73F2A0A5C8800E2FAE4 /* ErrorView.swift in Sources */,
				BAAA52712953BB61003177BC /* ProposalListItemFooterView.swift in Sources */,
				5586BB8B2A39F0C000A6E316 /* DaoListItemView.swift in Sources */,
				BA352F0A298C184D00F78958 /* Dao.swift in Sources */,
				BAF651C329AE5F8700C78A8A /* ColorSchemeManager.swift in Sources */,
				BA50AB3C2A009D0D00EC2AA6 /* SnapshotProposalVoteTabView.swift in Sources */,
				BAAA526929538138003177BC /* ProposalListItemHeaderView.swift in Sources */,
				55D632B929505C4F0073E04A /* InboxView.swift in Sources */,
				BAD522622A279B4E0097068F /* DiscordSettingsView.swift in Sources */,
				BAF651CE29B79F8200C78A8A /* DaoInfoScreenHeaderView.swift in Sources */,
				BA09B30B2A2A3B6600223049 /* SnapshotProposalCreatorIdentityView.swift in Sources */,
				552885942A28EAE700ED2BCD /* OnboardingFollowDaosView.swift in Sources */,
				559025012A3DF6BE001B1770 /* Proposal.swift in Sources */,
				BAA8ED822A07293600316BFD /* SnapshotVotersView.swift in Sources */,
				5597E73D2A0A5C8800E2FAE4 /* APIService.swift in Sources */,
				BA2EA2012967610500FB87AC /* InboxFilterMenuView.swift in Sources */,
				5597E7402A0A5C8800E2FAE4 /* Endpoint.swift in Sources */,
				552885962A28EAE700ED2BCD /* FollowCategoryDaosListView.swift in Sources */,
				BA1EAD7B29F56881008D92E9 /* TreasuryStatusView.swift in Sources */,
				BAF651FF29C8C1F300C78A8A /* Tracker.swift in Sources */,
				BAF6520329C8C61500C78A8A /* ConsoleTracker.swift in Sources */,
				BA2EA20D2968904C00FB87AC /* InboxEvent.swift in Sources */,
				55D632BB29505C600073E04A /* SearchView.swift in Sources */,
				BA57D21A295CB35400DB1963 /* ProposalListItemView.swift in Sources */,
				BA6B964B2A31056300851826 /* SearchProposalView.swift in Sources */,
				BA2EA20429677F7C00FB87AC /* InboxDataService.swift in Sources */,
				552885982A28EB1900ED2BCD /* Extentions.swift in Sources */,
				BAAA526F2953AC28003177BC /* ProposalListItemBodyView.swift in Sources */,
				BAD522602A279AF50097068F /* TelegramSettingsView.swift in Sources */,
				BAF651C529B3EA0100C78A8A /* MailSendingView.swift in Sources */,
				BA1EAD7929F56624008D92E9 /* TreasuryListItemHeaderView.swift in Sources */,
				5521D27729EF145300A09FD4 /* ProposalStatusView.swift in Sources */,
				557C9D662A30ECCE001C4DEA /* DaoSearchListView.swift in Sources */,
				5528859A2A28EBF600ED2BCD /* RetryInitialLoadingView.swift in Sources */,
				5586BB8D2A3AFF6D00A6E316 /* DaoCardView.swift in Sources */,
				552885952A28EAE700ED2BCD /* CategoryDaosDataSource.swift in Sources */,
				BA09B30A2A2A3B6600223049 /* SnapshotProposalDescriptionView.swift in Sources */,
				BA6B96532A376CEF00851826 /* FollowButtonDataSource.swift in Sources */,
				BAA8ED802A06FF8900316BFD /* SnapshotResultView.swift in Sources */,
				BAD5225E2A279A950097068F /* TwitterSettingsView.swift in Sources */,
				BA6B96552A38B87300851826 /* Subscription.swift in Sources */,
				557177E92A3E3E1B0026B12A /* Utils.swift in Sources */,
				5597E73E2A0A5C8800E2FAE4 /* NetworkManager.swift in Sources */,
				BA09B30C2A2A3B6600223049 /* SnapshotProposalView.swift in Sources */,
				BA50AB2F29FEE3CE00EC2AA6 /* ShimmerLoadingView.swift in Sources */,
				BADB99D42A3DFF620098C0D3 /* FollowedDaosListView.swift in Sources */,
				5586BB892A34C75500A6E316 /* AuthManager.swift in Sources */,
				BAF651D229C0F00000C78A8A /* UIComponents.swift in Sources */,
				55F143DD294B1DDA00D00B73 /* GoverlandApp.swift in Sources */,
				55D632C52950CB4A0073E04A /* TermsView.swift in Sources */,
				BA1EAD7329F32D65008D92E9 /* TreasuryListItemView.swift in Sources */,
				5521D26E29EF092A00A09FD4 /* Colors.swift in Sources */,
				BA09B30D2A2A3B6600223049 /* SnapshotProposalHeaderView.swift in Sources */,
				BA50AB402A04086900EC2AA6 /* SnapshotVotingView.swift in Sources */,
				BA5D8D3D2A2E62D900F76DB3 /* GroupedDaosView.swift in Sources */,
				5521D27929EF17C800A09FD4 /* InboxListItemFooterMenu.swift in Sources */,
				BA1EAD7D29F5796A008D92E9 /* TreasuryListItemContentView.swift in Sources */,
				5597E73B2A0A5C8800E2FAE4 /* ApiError.swift in Sources */,
				BAF651CC29B79E3700C78A8A /* DaoInfoScreenView.swift in Sources */,
				BA2EA20F2968912B00FB87AC /* User.swift in Sources */,
				5533170229F16B290034AF66 /* Address.swift in Sources */,
				BAF651D029B943E800C78A8A /* DaoInfoScreenControlsView.swift in Sources */,
				BA09B3092A2A3B6600223049 /* SnapshotProposalStatusBarView.swift in Sources */,
			);
			runOnlyForDeploymentPostprocessing = 0;
		};
/* End PBXSourcesBuildPhase section */

/* Begin XCBuildConfiguration section */
		55F143FB294B1DDD00D00B73 /* Dev */ = {
			isa = XCBuildConfiguration;
			buildSettings = {
				ALWAYS_SEARCH_USER_PATHS = NO;
				CLANG_ANALYZER_NONNULL = YES;
				CLANG_ANALYZER_NUMBER_OBJECT_CONVERSION = YES_AGGRESSIVE;
				CLANG_CXX_LANGUAGE_STANDARD = "gnu++20";
				CLANG_ENABLE_MODULES = YES;
				CLANG_ENABLE_OBJC_ARC = YES;
				CLANG_ENABLE_OBJC_WEAK = YES;
				CLANG_WARN_BLOCK_CAPTURE_AUTORELEASING = YES;
				CLANG_WARN_BOOL_CONVERSION = YES;
				CLANG_WARN_COMMA = YES;
				CLANG_WARN_CONSTANT_CONVERSION = YES;
				CLANG_WARN_DEPRECATED_OBJC_IMPLEMENTATIONS = YES;
				CLANG_WARN_DIRECT_OBJC_ISA_USAGE = YES_ERROR;
				CLANG_WARN_DOCUMENTATION_COMMENTS = YES;
				CLANG_WARN_EMPTY_BODY = YES;
				CLANG_WARN_ENUM_CONVERSION = YES;
				CLANG_WARN_INFINITE_RECURSION = YES;
				CLANG_WARN_INT_CONVERSION = YES;
				CLANG_WARN_NON_LITERAL_NULL_CONVERSION = YES;
				CLANG_WARN_OBJC_IMPLICIT_RETAIN_SELF = YES;
				CLANG_WARN_OBJC_LITERAL_CONVERSION = YES;
				CLANG_WARN_OBJC_ROOT_CLASS = YES_ERROR;
				CLANG_WARN_QUOTED_INCLUDE_IN_FRAMEWORK_HEADER = YES;
				CLANG_WARN_RANGE_LOOP_ANALYSIS = YES;
				CLANG_WARN_STRICT_PROTOTYPES = YES;
				CLANG_WARN_SUSPICIOUS_MOVE = YES;
				CLANG_WARN_UNGUARDED_AVAILABILITY = YES_AGGRESSIVE;
				CLANG_WARN_UNREACHABLE_CODE = YES;
				CLANG_WARN__DUPLICATE_METHOD_MATCH = YES;
				COPY_PHASE_STRIP = NO;
				DEBUG_INFORMATION_FORMAT = dwarf;
				ENABLE_STRICT_OBJC_MSGSEND = YES;
				ENABLE_TESTABILITY = YES;
				GCC_C_LANGUAGE_STANDARD = gnu11;
				GCC_DYNAMIC_NO_PIC = NO;
				GCC_NO_COMMON_BLOCKS = YES;
				GCC_OPTIMIZATION_LEVEL = 0;
				GCC_PREPROCESSOR_DEFINITIONS = (
					"DEBUG=1",
					"$(inherited)",
				);
				GCC_WARN_64_TO_32_BIT_CONVERSION = YES;
				GCC_WARN_ABOUT_RETURN_TYPE = YES_ERROR;
				GCC_WARN_UNDECLARED_SELECTOR = YES;
				GCC_WARN_UNINITIALIZED_AUTOS = YES_AGGRESSIVE;
				GCC_WARN_UNUSED_FUNCTION = YES;
				GCC_WARN_UNUSED_VARIABLE = YES;
				IPHONEOS_DEPLOYMENT_TARGET = 16.0;
				MTL_ENABLE_DEBUG_INFO = INCLUDE_SOURCE;
				MTL_FAST_MATH = YES;
				ONLY_ACTIVE_ARCH = YES;
				OTHER_SWIFT_FLAGS = "-D DEV";
				SDKROOT = iphoneos;
				SWIFT_ACTIVE_COMPILATION_CONDITIONS = DEBUG;
				SWIFT_OPTIMIZATION_LEVEL = "-Onone";
			};
			name = Dev;
		};
		55F143FC294B1DDD00D00B73 /* Prod */ = {
			isa = XCBuildConfiguration;
			buildSettings = {
				ALWAYS_SEARCH_USER_PATHS = NO;
				CLANG_ANALYZER_NONNULL = YES;
				CLANG_ANALYZER_NUMBER_OBJECT_CONVERSION = YES_AGGRESSIVE;
				CLANG_CXX_LANGUAGE_STANDARD = "gnu++20";
				CLANG_ENABLE_MODULES = YES;
				CLANG_ENABLE_OBJC_ARC = YES;
				CLANG_ENABLE_OBJC_WEAK = YES;
				CLANG_WARN_BLOCK_CAPTURE_AUTORELEASING = YES;
				CLANG_WARN_BOOL_CONVERSION = YES;
				CLANG_WARN_COMMA = YES;
				CLANG_WARN_CONSTANT_CONVERSION = YES;
				CLANG_WARN_DEPRECATED_OBJC_IMPLEMENTATIONS = YES;
				CLANG_WARN_DIRECT_OBJC_ISA_USAGE = YES_ERROR;
				CLANG_WARN_DOCUMENTATION_COMMENTS = YES;
				CLANG_WARN_EMPTY_BODY = YES;
				CLANG_WARN_ENUM_CONVERSION = YES;
				CLANG_WARN_INFINITE_RECURSION = YES;
				CLANG_WARN_INT_CONVERSION = YES;
				CLANG_WARN_NON_LITERAL_NULL_CONVERSION = YES;
				CLANG_WARN_OBJC_IMPLICIT_RETAIN_SELF = YES;
				CLANG_WARN_OBJC_LITERAL_CONVERSION = YES;
				CLANG_WARN_OBJC_ROOT_CLASS = YES_ERROR;
				CLANG_WARN_QUOTED_INCLUDE_IN_FRAMEWORK_HEADER = YES;
				CLANG_WARN_RANGE_LOOP_ANALYSIS = YES;
				CLANG_WARN_STRICT_PROTOTYPES = YES;
				CLANG_WARN_SUSPICIOUS_MOVE = YES;
				CLANG_WARN_UNGUARDED_AVAILABILITY = YES_AGGRESSIVE;
				CLANG_WARN_UNREACHABLE_CODE = YES;
				CLANG_WARN__DUPLICATE_METHOD_MATCH = YES;
				COPY_PHASE_STRIP = NO;
				DEBUG_INFORMATION_FORMAT = "dwarf-with-dsym";
				ENABLE_NS_ASSERTIONS = NO;
				ENABLE_STRICT_OBJC_MSGSEND = YES;
				GCC_C_LANGUAGE_STANDARD = gnu11;
				GCC_NO_COMMON_BLOCKS = YES;
				GCC_WARN_64_TO_32_BIT_CONVERSION = YES;
				GCC_WARN_ABOUT_RETURN_TYPE = YES_ERROR;
				GCC_WARN_UNDECLARED_SELECTOR = YES;
				GCC_WARN_UNINITIALIZED_AUTOS = YES_AGGRESSIVE;
				GCC_WARN_UNUSED_FUNCTION = YES;
				GCC_WARN_UNUSED_VARIABLE = YES;
				IPHONEOS_DEPLOYMENT_TARGET = 16.0;
				MTL_ENABLE_DEBUG_INFO = NO;
				MTL_FAST_MATH = YES;
				OTHER_SWIFT_FLAGS = "-D PROD";
				SDKROOT = iphoneos;
				SWIFT_COMPILATION_MODE = wholemodule;
				SWIFT_OPTIMIZATION_LEVEL = "-O";
				VALIDATE_PRODUCT = YES;
			};
			name = Prod;
		};
		55F143FE294B1DDD00D00B73 /* Dev */ = {
			isa = XCBuildConfiguration;
			buildSettings = {
				ASSETCATALOG_COMPILER_APPICON_NAME = AppIcon;
				ASSETCATALOG_COMPILER_GLOBAL_ACCENT_COLOR_NAME = AccentColor;
				CODE_SIGN_STYLE = Automatic;
				CURRENT_PROJECT_VERSION = 1;
				DEVELOPMENT_ASSET_PATHS = "\"Goverland/Preview Content\"";
				DEVELOPMENT_TEAM = 9Q9UL4VRUP;
				ENABLE_PREVIEWS = YES;
				GENERATE_INFOPLIST_FILE = YES;
				INFOPLIST_KEY_UIApplicationSceneManifest_Generation = YES;
				INFOPLIST_KEY_UIApplicationSupportsIndirectInputEvents = YES;
				INFOPLIST_KEY_UILaunchScreen_Generation = YES;
				INFOPLIST_KEY_UILaunchStoryboardName = IntroLoadingView.storyboard;
				INFOPLIST_KEY_UISupportedInterfaceOrientations_iPad = "UIInterfaceOrientationPortrait UIInterfaceOrientationPortraitUpsideDown UIInterfaceOrientationLandscapeLeft UIInterfaceOrientationLandscapeRight";
				INFOPLIST_KEY_UISupportedInterfaceOrientations_iPhone = "UIInterfaceOrientationPortrait UIInterfaceOrientationLandscapeLeft UIInterfaceOrientationLandscapeRight";
				IPHONEOS_DEPLOYMENT_TARGET = 16.0;
				LD_RUNPATH_SEARCH_PATHS = (
					"$(inherited)",
					"@executable_path/Frameworks",
				);
				MARKETING_VERSION = 1.0;
				PRODUCT_BUNDLE_IDENTIFIER = xyz.goverland.ios;
				PRODUCT_NAME = "$(TARGET_NAME)";
				SWIFT_EMIT_LOC_STRINGS = YES;
				SWIFT_VERSION = 5.0;
				TARGETED_DEVICE_FAMILY = "1,2";
			};
			name = Dev;
		};
		55F143FF294B1DDD00D00B73 /* Prod */ = {
			isa = XCBuildConfiguration;
			buildSettings = {
				ASSETCATALOG_COMPILER_APPICON_NAME = AppIcon;
				ASSETCATALOG_COMPILER_GLOBAL_ACCENT_COLOR_NAME = AccentColor;
				CODE_SIGN_IDENTITY = "Apple Development";
				CODE_SIGN_STYLE = Automatic;
				CURRENT_PROJECT_VERSION = 1;
				DEVELOPMENT_ASSET_PATHS = "\"Goverland/Preview Content\"";
				DEVELOPMENT_TEAM = 9Q9UL4VRUP;
				ENABLE_PREVIEWS = YES;
				GENERATE_INFOPLIST_FILE = YES;
				INFOPLIST_KEY_UIApplicationSceneManifest_Generation = YES;
				INFOPLIST_KEY_UIApplicationSupportsIndirectInputEvents = YES;
				INFOPLIST_KEY_UILaunchScreen_Generation = YES;
				INFOPLIST_KEY_UILaunchStoryboardName = IntroLoadingView.storyboard;
				INFOPLIST_KEY_UISupportedInterfaceOrientations_iPad = "UIInterfaceOrientationPortrait UIInterfaceOrientationPortraitUpsideDown UIInterfaceOrientationLandscapeLeft UIInterfaceOrientationLandscapeRight";
				INFOPLIST_KEY_UISupportedInterfaceOrientations_iPhone = "UIInterfaceOrientationPortrait UIInterfaceOrientationLandscapeLeft UIInterfaceOrientationLandscapeRight";
				IPHONEOS_DEPLOYMENT_TARGET = 16.0;
				LD_RUNPATH_SEARCH_PATHS = (
					"$(inherited)",
					"@executable_path/Frameworks",
				);
				MARKETING_VERSION = 1.0;
				PRODUCT_BUNDLE_IDENTIFIER = jenny.xyz.goverland.ios.jenny;
				PRODUCT_NAME = "$(TARGET_NAME)";
				PROVISIONING_PROFILE_SPECIFIER = "";
				SWIFT_EMIT_LOC_STRINGS = YES;
				SWIFT_VERSION = 5.0;
				TARGETED_DEVICE_FAMILY = "1,2";
			};
			name = Prod;
		};
/* End XCBuildConfiguration section */

/* Begin XCConfigurationList section */
		55F143D4294B1DDA00D00B73 /* Build configuration list for PBXProject "Goverland" */ = {
			isa = XCConfigurationList;
			buildConfigurations = (
				55F143FB294B1DDD00D00B73 /* Dev */,
				55F143FC294B1DDD00D00B73 /* Prod */,
			);
			defaultConfigurationIsVisible = 0;
			defaultConfigurationName = Prod;
		};
		55F143FD294B1DDD00D00B73 /* Build configuration list for PBXNativeTarget "Goverland" */ = {
			isa = XCConfigurationList;
			buildConfigurations = (
				55F143FE294B1DDD00D00B73 /* Dev */,
				55F143FF294B1DDD00D00B73 /* Prod */,
			);
			defaultConfigurationIsVisible = 0;
			defaultConfigurationName = Prod;
		};
/* End XCConfigurationList section */

/* Begin XCRemoteSwiftPackageReference section */
		553316FC29F162FF0034AF66 /* XCRemoteSwiftPackageReference "BlockiesSwift" */ = {
			isa = XCRemoteSwiftPackageReference;
			repositoryURL = "https://github.com/goverland-labs/BlockiesSwift";
			requirement = {
				branch = "0.1.2-gnosis";
				kind = branch;
			};
		};
		BA27EA5F29DE0F0F00AA5055 /* XCRemoteSwiftPackageReference "Kingfisher" */ = {
			isa = XCRemoteSwiftPackageReference;
			repositoryURL = "https://github.com/onevcat/Kingfisher";
			requirement = {
				kind = upToNextMinorVersion;
				minimumVersion = 7.6.0;
			};
		};
		BAA6C2F2295CF5E000C848D8 /* XCRemoteSwiftPackageReference "SwiftDate" */ = {
			isa = XCRemoteSwiftPackageReference;
			repositoryURL = "https://github.com/malcommac/SwiftDate.git";
			requirement = {
				kind = upToNextMajorVersion;
				minimumVersion = 7.0.0;
			};
		};
/* End XCRemoteSwiftPackageReference section */

/* Begin XCSwiftPackageProductDependency section */
		553316FD29F162FF0034AF66 /* BlockiesSwift */ = {
			isa = XCSwiftPackageProductDependency;
			package = 553316FC29F162FF0034AF66 /* XCRemoteSwiftPackageReference "BlockiesSwift" */;
			productName = BlockiesSwift;
		};
		BA27EA6029DE0F0F00AA5055 /* Kingfisher */ = {
			isa = XCSwiftPackageProductDependency;
			package = BA27EA5F29DE0F0F00AA5055 /* XCRemoteSwiftPackageReference "Kingfisher" */;
			productName = Kingfisher;
		};
		BAA6C2F3295CF5E000C848D8 /* SwiftDate */ = {
			isa = XCSwiftPackageProductDependency;
			package = BAA6C2F2295CF5E000C848D8 /* XCRemoteSwiftPackageReference "SwiftDate" */;
			productName = SwiftDate;
		};
/* End XCSwiftPackageProductDependency section */
	};
	rootObject = 55F143D1294B1DDA00D00B73 /* Project object */;
}
